// !$*UTF8*$!
{
	archiveVersion = 1;
	classes = {
	};
	objectVersion = 51;
	objects = {

/* Begin PBXBuildFile section */
		7641C3AF2646826100A79A79 /* MangaEpisodePopoverCell.swift in Sources */ = {isa = PBXBuildFile; fileRef = 7641C3AE2646826100A79A79 /* MangaEpisodePopoverCell.swift */; };
		7641C3B1264682B900A79A79 /* EpisodePopoverViewController.swift in Sources */ = {isa = PBXBuildFile; fileRef = 7641C3B0264682B900A79A79 /* EpisodePopoverViewController.swift */; };
		7641C3B32646874300A79A79 /* Episode.swift in Sources */ = {isa = PBXBuildFile; fileRef = 7641C3B22646874300A79A79 /* Episode.swift */; };
		764AE0E2262DA971000F490D /* MangaHistoryViewController.swift in Sources */ = {isa = PBXBuildFile; fileRef = 764AE0E1262DA971000F490D /* MangaHistoryViewController.swift */; };
		765A0FC526BED824005DDD8B /* ColorSet.swift in Sources */ = {isa = PBXBuildFile; fileRef = 765A0FC426BED824005DDD8B /* ColorSet.swift */; };
		765A0FC726BEE9B2005DDD8B /* ViewGlobalExtension.swift in Sources */ = {isa = PBXBuildFile; fileRef = 765A0FC626BEE9B2005DDD8B /* ViewGlobalExtension.swift */; };
		765A0FC926BEFB05005DDD8B /* IconSet.swift in Sources */ = {isa = PBXBuildFile; fileRef = 765A0FC826BEFB05005DDD8B /* IconSet.swift */; };
		765A0FF626C16629005DDD8B /* loading_circle.json in Resources */ = {isa = PBXBuildFile; fileRef = 765A0FF426C16629005DDD8B /* loading_circle.json */; };
		765A0FF726C16629005DDD8B /* loading_square.json in Resources */ = {isa = PBXBuildFile; fileRef = 765A0FF526C16629005DDD8B /* loading_square.json */; };
		765C8B29261CA2C30056C83B /* AppDelegate.swift in Sources */ = {isa = PBXBuildFile; fileRef = 765C8B28261CA2C30056C83B /* AppDelegate.swift */; };
		765C8B2B261CA2C30056C83B /* SceneDelegate.swift in Sources */ = {isa = PBXBuildFile; fileRef = 765C8B2A261CA2C30056C83B /* SceneDelegate.swift */; };
		765C8B2D261CA2C30056C83B /* ViewController.swift in Sources */ = {isa = PBXBuildFile; fileRef = 765C8B2C261CA2C30056C83B /* ViewController.swift */; };
		765C8B30261CA2C30056C83B /* Main.storyboard in Resources */ = {isa = PBXBuildFile; fileRef = 765C8B2E261CA2C30056C83B /* Main.storyboard */; };
		765C8B33261CA2C30056C83B /* Marumaru.xcdatamodeld in Sources */ = {isa = PBXBuildFile; fileRef = 765C8B31261CA2C30056C83B /* Marumaru.xcdatamodeld */; };
		765C8B35261CA2C50056C83B /* Assets.xcassets in Resources */ = {isa = PBXBuildFile; fileRef = 765C8B34261CA2C50056C83B /* Assets.xcassets */; };
		765C8B38261CA2C50056C83B /* LaunchScreen.storyboard in Resources */ = {isa = PBXBuildFile; fileRef = 765C8B36261CA2C50056C83B /* LaunchScreen.storyboard */; };
		765C8B43261CA2C50056C83B /* MarumaruTests.swift in Sources */ = {isa = PBXBuildFile; fileRef = 765C8B42261CA2C50056C83B /* MarumaruTests.swift */; };
		765C8B4E261CA2C50056C83B /* MarumaruUITests.swift in Sources */ = {isa = PBXBuildFile; fileRef = 765C8B4D261CA2C50056C83B /* MarumaruUITests.swift */; };
		765C8C3C261DBADF0056C83B /* MangaCollectionCell.swift in Sources */ = {isa = PBXBuildFile; fileRef = 765C8C3B261DBADF0056C83B /* MangaCollectionCell.swift */; };
		765C8C4B261DBC960056C83B /* TopRankMangaCell.swift in Sources */ = {isa = PBXBuildFile; fileRef = 765C8C4A261DBC960056C83B /* TopRankMangaCell.swift */; };
		765C8C68261F05BD0056C83B /* MangaEpisodeViewController.swift in Sources */ = {isa = PBXBuildFile; fileRef = 765C8C67261F05BD0056C83B /* MangaEpisodeViewController.swift */; };
		765C8C6D261F16880056C83B /* ViewMangaViewController.swift in Sources */ = {isa = PBXBuildFile; fileRef = 765C8C6C261F16880056C83B /* ViewMangaViewController.swift */; };
		765C8C78261F192C0056C83B /* MangaEpisodeCell.swift in Sources */ = {isa = PBXBuildFile; fileRef = 765C8C77261F192C0056C83B /* MangaEpisodeCell.swift */; };
		765C8C7D261F1A2C0056C83B /* MangaSceneCell.swift in Sources */ = {isa = PBXBuildFile; fileRef = 765C8C7C261F1A2C0056C83B /* MangaSceneCell.swift */; };
		76B60D3C26C5785700533562 /* AppbarView.swift in Sources */ = {isa = PBXBuildFile; fileRef = 76B60D3B26C5785700533562 /* AppbarView.swift */; };
		76BEEB5D2622FB8500642001 /* error_circle.json in Resources */ = {isa = PBXBuildFile; fileRef = 76BEEB5C2622FB8500642001 /* error_circle.json */; };
		76BEEB5E2622FB8500642001 /* error_circle.json in Resources */ = {isa = PBXBuildFile; fileRef = 76BEEB5C2622FB8500642001 /* error_circle.json */; };
		76BEEB5F2622FB8500642001 /* error_circle.json in Resources */ = {isa = PBXBuildFile; fileRef = 76BEEB5C2622FB8500642001 /* error_circle.json */; };
		76BEEBA926248A1600642001 /* SearchViewController.swift in Sources */ = {isa = PBXBuildFile; fileRef = 76BEEBA826248A1600642001 /* SearchViewController.swift */; };
		76BEEBB02624B64E00642001 /* ResultMangaCell.swift in Sources */ = {isa = PBXBuildFile; fileRef = 76BEEBAF2624B64E00642001 /* ResultMangaCell.swift */; };
		76BEEBB12624B64E00642001 /* ResultMangaCell.swift in Sources */ = {isa = PBXBuildFile; fileRef = 76BEEBAF2624B64E00642001 /* ResultMangaCell.swift */; };
		76BEEBB22624B64E00642001 /* ResultMangaCell.swift in Sources */ = {isa = PBXBuildFile; fileRef = 76BEEBAF2624B64E00642001 /* ResultMangaCell.swift */; };
		76C9A1B92631BC7F000F801C /* NetworkHandelr.swift in Sources */ = {isa = PBXBuildFile; fileRef = 76C9A1B82631BC7F000F801C /* NetworkHandelr.swift */; };
		76C9A27A2636A843000F801C /* CoreDataHandler.swift in Sources */ = {isa = PBXBuildFile; fileRef = 76C9A2792636A842000F801C /* CoreDataHandler.swift */; };
		76C9A2872636AF2A000F801C /* WatchHistory+CoreDataProperties.swift in Sources */ = {isa = PBXBuildFile; fileRef = 76C9A2852636AF2A000F801C /* WatchHistory+CoreDataProperties.swift */; };
		76C9A2882636AF2A000F801C /* WatchHistory+CoreDataClass.swift in Sources */ = {isa = PBXBuildFile; fileRef = 76C9A2862636AF2A000F801C /* WatchHistory+CoreDataClass.swift */; };
		9C8D265B35A9DBEC89A99257 /* Pods_Marumaru_MarumaruUITests.framework in Frameworks */ = {isa = PBXBuildFile; fileRef = 48210CEC09A72371A2CA875A /* Pods_Marumaru_MarumaruUITests.framework */; };
		9CE54091D15F3D416DB44187 /* Pods_MarumaruTests.framework in Frameworks */ = {isa = PBXBuildFile; fileRef = 5ED1A6BA4DC636B3CCD84B1E /* Pods_MarumaruTests.framework */; };
		D3FF4785F0B112C5D86BD47C /* Pods_Marumaru.framework in Frameworks */ = {isa = PBXBuildFile; fileRef = 84A9524FF95BAEAB169EB1C3 /* Pods_Marumaru.framework */; };
/* End PBXBuildFile section */

/* Begin PBXContainerItemProxy section */
		765C8B3F261CA2C50056C83B /* PBXContainerItemProxy */ = {
			isa = PBXContainerItemProxy;
			containerPortal = 765C8B1D261CA2C30056C83B /* Project object */;
			proxyType = 1;
			remoteGlobalIDString = 765C8B24261CA2C30056C83B;
			remoteInfo = Marumaru;
		};
		765C8B4A261CA2C50056C83B /* PBXContainerItemProxy */ = {
			isa = PBXContainerItemProxy;
			containerPortal = 765C8B1D261CA2C30056C83B /* Project object */;
			proxyType = 1;
			remoteGlobalIDString = 765C8B24261CA2C30056C83B;
			remoteInfo = Marumaru;
		};
/* End PBXContainerItemProxy section */

/* Begin PBXFileReference section */
		48210CEC09A72371A2CA875A /* Pods_Marumaru_MarumaruUITests.framework */ = {isa = PBXFileReference; explicitFileType = wrapper.framework; includeInIndex = 0; path = Pods_Marumaru_MarumaruUITests.framework; sourceTree = BUILT_PRODUCTS_DIR; };
		5ED1A6BA4DC636B3CCD84B1E /* Pods_MarumaruTests.framework */ = {isa = PBXFileReference; explicitFileType = wrapper.framework; includeInIndex = 0; path = Pods_MarumaruTests.framework; sourceTree = BUILT_PRODUCTS_DIR; };
		75B38F94C6426583177E9F4C /* Pods-Marumaru.release.xcconfig */ = {isa = PBXFileReference; includeInIndex = 1; lastKnownFileType = text.xcconfig; name = "Pods-Marumaru.release.xcconfig"; path = "Target Support Files/Pods-Marumaru/Pods-Marumaru.release.xcconfig"; sourceTree = "<group>"; };
		7641C3AE2646826100A79A79 /* MangaEpisodePopoverCell.swift */ = {isa = PBXFileReference; lastKnownFileType = sourcecode.swift; path = MangaEpisodePopoverCell.swift; sourceTree = "<group>"; };
		7641C3B0264682B900A79A79 /* EpisodePopoverViewController.swift */ = {isa = PBXFileReference; lastKnownFileType = sourcecode.swift; path = EpisodePopoverViewController.swift; sourceTree = "<group>"; };
		7641C3B22646874300A79A79 /* Episode.swift */ = {isa = PBXFileReference; lastKnownFileType = sourcecode.swift; path = Episode.swift; sourceTree = "<group>"; };
		764AE0E1262DA971000F490D /* MangaHistoryViewController.swift */ = {isa = PBXFileReference; lastKnownFileType = sourcecode.swift; path = MangaHistoryViewController.swift; sourceTree = "<group>"; };
		765A0FC426BED824005DDD8B /* ColorSet.swift */ = {isa = PBXFileReference; lastKnownFileType = sourcecode.swift; path = ColorSet.swift; sourceTree = "<group>"; };
		765A0FC626BEE9B2005DDD8B /* ViewGlobalExtension.swift */ = {isa = PBXFileReference; lastKnownFileType = sourcecode.swift; path = ViewGlobalExtension.swift; sourceTree = "<group>"; };
		765A0FC826BEFB05005DDD8B /* IconSet.swift */ = {isa = PBXFileReference; lastKnownFileType = sourcecode.swift; path = IconSet.swift; sourceTree = "<group>"; };
		765A0FF426C16629005DDD8B /* loading_circle.json */ = {isa = PBXFileReference; fileEncoding = 4; lastKnownFileType = text.json; path = loading_circle.json; sourceTree = "<group>"; };
		765A0FF526C16629005DDD8B /* loading_square.json */ = {isa = PBXFileReference; fileEncoding = 4; lastKnownFileType = text.json; path = loading_square.json; sourceTree = "<group>"; };
		765C8B25261CA2C30056C83B /* Marumaru.app */ = {isa = PBXFileReference; explicitFileType = wrapper.application; includeInIndex = 0; path = Marumaru.app; sourceTree = BUILT_PRODUCTS_DIR; };
		765C8B28261CA2C30056C83B /* AppDelegate.swift */ = {isa = PBXFileReference; lastKnownFileType = sourcecode.swift; path = AppDelegate.swift; sourceTree = "<group>"; };
		765C8B2A261CA2C30056C83B /* SceneDelegate.swift */ = {isa = PBXFileReference; lastKnownFileType = sourcecode.swift; path = SceneDelegate.swift; sourceTree = "<group>"; };
		765C8B2C261CA2C30056C83B /* ViewController.swift */ = {isa = PBXFileReference; lastKnownFileType = sourcecode.swift; path = ViewController.swift; sourceTree = "<group>"; };
		765C8B2F261CA2C30056C83B /* Base */ = {isa = PBXFileReference; lastKnownFileType = file.storyboard; name = Base; path = Base.lproj/Main.storyboard; sourceTree = "<group>"; };
		765C8B32261CA2C30056C83B /* Marumaru.xcdatamodel */ = {isa = PBXFileReference; lastKnownFileType = wrapper.xcdatamodel; path = Marumaru.xcdatamodel; sourceTree = "<group>"; };
		765C8B34261CA2C50056C83B /* Assets.xcassets */ = {isa = PBXFileReference; lastKnownFileType = folder.assetcatalog; path = Assets.xcassets; sourceTree = "<group>"; };
		765C8B37261CA2C50056C83B /* Base */ = {isa = PBXFileReference; lastKnownFileType = file.storyboard; name = Base; path = Base.lproj/LaunchScreen.storyboard; sourceTree = "<group>"; };
		765C8B39261CA2C50056C83B /* Info.plist */ = {isa = PBXFileReference; lastKnownFileType = text.plist.xml; path = Info.plist; sourceTree = "<group>"; };
		765C8B3E261CA2C50056C83B /* MarumaruTests.xctest */ = {isa = PBXFileReference; explicitFileType = wrapper.cfbundle; includeInIndex = 0; path = MarumaruTests.xctest; sourceTree = BUILT_PRODUCTS_DIR; };
		765C8B42261CA2C50056C83B /* MarumaruTests.swift */ = {isa = PBXFileReference; lastKnownFileType = sourcecode.swift; path = MarumaruTests.swift; sourceTree = "<group>"; };
		765C8B44261CA2C50056C83B /* Info.plist */ = {isa = PBXFileReference; lastKnownFileType = text.plist.xml; path = Info.plist; sourceTree = "<group>"; };
		765C8B49261CA2C50056C83B /* MarumaruUITests.xctest */ = {isa = PBXFileReference; explicitFileType = wrapper.cfbundle; includeInIndex = 0; path = MarumaruUITests.xctest; sourceTree = BUILT_PRODUCTS_DIR; };
		765C8B4D261CA2C50056C83B /* MarumaruUITests.swift */ = {isa = PBXFileReference; lastKnownFileType = sourcecode.swift; path = MarumaruUITests.swift; sourceTree = "<group>"; };
		765C8B4F261CA2C50056C83B /* Info.plist */ = {isa = PBXFileReference; lastKnownFileType = text.plist.xml; path = Info.plist; sourceTree = "<group>"; };
		765C8C3B261DBADF0056C83B /* MangaCollectionCell.swift */ = {isa = PBXFileReference; lastKnownFileType = sourcecode.swift; path = MangaCollectionCell.swift; sourceTree = "<group>"; };
		765C8C4A261DBC960056C83B /* TopRankMangaCell.swift */ = {isa = PBXFileReference; lastKnownFileType = sourcecode.swift; path = TopRankMangaCell.swift; sourceTree = "<group>"; };
		765C8C67261F05BD0056C83B /* MangaEpisodeViewController.swift */ = {isa = PBXFileReference; lastKnownFileType = sourcecode.swift; path = MangaEpisodeViewController.swift; sourceTree = "<group>"; };
		765C8C6C261F16880056C83B /* ViewMangaViewController.swift */ = {isa = PBXFileReference; lastKnownFileType = sourcecode.swift; path = ViewMangaViewController.swift; sourceTree = "<group>"; };
		765C8C77261F192C0056C83B /* MangaEpisodeCell.swift */ = {isa = PBXFileReference; lastKnownFileType = sourcecode.swift; path = MangaEpisodeCell.swift; sourceTree = "<group>"; };
		765C8C7C261F1A2C0056C83B /* MangaSceneCell.swift */ = {isa = PBXFileReference; lastKnownFileType = sourcecode.swift; path = MangaSceneCell.swift; sourceTree = "<group>"; };
		76B60D3B26C5785700533562 /* AppbarView.swift */ = {isa = PBXFileReference; lastKnownFileType = sourcecode.swift; path = AppbarView.swift; sourceTree = "<group>"; };
		76BEEB5C2622FB8500642001 /* error_circle.json */ = {isa = PBXFileReference; fileEncoding = 4; lastKnownFileType = text.json; path = error_circle.json; sourceTree = "<group>"; };
		76BEEBA826248A1600642001 /* SearchViewController.swift */ = {isa = PBXFileReference; lastKnownFileType = sourcecode.swift; path = SearchViewController.swift; sourceTree = "<group>"; };
		76BEEBAF2624B64E00642001 /* ResultMangaCell.swift */ = {isa = PBXFileReference; lastKnownFileType = sourcecode.swift; path = ResultMangaCell.swift; sourceTree = "<group>"; };
		76C9A1B82631BC7F000F801C /* NetworkHandelr.swift */ = {isa = PBXFileReference; lastKnownFileType = sourcecode.swift; path = NetworkHandelr.swift; sourceTree = "<group>"; };
		76C9A2792636A842000F801C /* CoreDataHandler.swift */ = {isa = PBXFileReference; lastKnownFileType = sourcecode.swift; path = CoreDataHandler.swift; sourceTree = "<group>"; };
		76C9A2852636AF2A000F801C /* WatchHistory+CoreDataProperties.swift */ = {isa = PBXFileReference; fileEncoding = 4; lastKnownFileType = sourcecode.swift; path = "WatchHistory+CoreDataProperties.swift"; sourceTree = "<group>"; };
		76C9A2862636AF2A000F801C /* WatchHistory+CoreDataClass.swift */ = {isa = PBXFileReference; fileEncoding = 4; lastKnownFileType = sourcecode.swift; path = "WatchHistory+CoreDataClass.swift"; sourceTree = "<group>"; };
		84A9524FF95BAEAB169EB1C3 /* Pods_Marumaru.framework */ = {isa = PBXFileReference; explicitFileType = wrapper.framework; includeInIndex = 0; path = Pods_Marumaru.framework; sourceTree = BUILT_PRODUCTS_DIR; };
		85EE1F44E4EA0C6AF74FC541 /* Pods-MarumaruTests.debug.xcconfig */ = {isa = PBXFileReference; includeInIndex = 1; lastKnownFileType = text.xcconfig; name = "Pods-MarumaruTests.debug.xcconfig"; path = "Target Support Files/Pods-MarumaruTests/Pods-MarumaruTests.debug.xcconfig"; sourceTree = "<group>"; };
		CF29403175D2D4B8E4CD79A6 /* Pods-Marumaru-MarumaruUITests.debug.xcconfig */ = {isa = PBXFileReference; includeInIndex = 1; lastKnownFileType = text.xcconfig; name = "Pods-Marumaru-MarumaruUITests.debug.xcconfig"; path = "Target Support Files/Pods-Marumaru-MarumaruUITests/Pods-Marumaru-MarumaruUITests.debug.xcconfig"; sourceTree = "<group>"; };
		D3D8AFF9BB995A4AE0FA3B43 /* Pods-MarumaruTests.release.xcconfig */ = {isa = PBXFileReference; includeInIndex = 1; lastKnownFileType = text.xcconfig; name = "Pods-MarumaruTests.release.xcconfig"; path = "Target Support Files/Pods-MarumaruTests/Pods-MarumaruTests.release.xcconfig"; sourceTree = "<group>"; };
		D5FD35E0AA5D42074F856D4E /* Pods-Marumaru.debug.xcconfig */ = {isa = PBXFileReference; includeInIndex = 1; lastKnownFileType = text.xcconfig; name = "Pods-Marumaru.debug.xcconfig"; path = "Target Support Files/Pods-Marumaru/Pods-Marumaru.debug.xcconfig"; sourceTree = "<group>"; };
		EE6B01A78FC0DC1C23A810A3 /* Pods-Marumaru-MarumaruUITests.release.xcconfig */ = {isa = PBXFileReference; includeInIndex = 1; lastKnownFileType = text.xcconfig; name = "Pods-Marumaru-MarumaruUITests.release.xcconfig"; path = "Target Support Files/Pods-Marumaru-MarumaruUITests/Pods-Marumaru-MarumaruUITests.release.xcconfig"; sourceTree = "<group>"; };
/* End PBXFileReference section */

/* Begin PBXFrameworksBuildPhase section */
		765C8B22261CA2C30056C83B /* Frameworks */ = {
			isa = PBXFrameworksBuildPhase;
			buildActionMask = 2147483647;
			files = (
				D3FF4785F0B112C5D86BD47C /* Pods_Marumaru.framework in Frameworks */,
			);
			runOnlyForDeploymentPostprocessing = 0;
		};
		765C8B3B261CA2C50056C83B /* Frameworks */ = {
			isa = PBXFrameworksBuildPhase;
			buildActionMask = 2147483647;
			files = (
				9CE54091D15F3D416DB44187 /* Pods_MarumaruTests.framework in Frameworks */,
			);
			runOnlyForDeploymentPostprocessing = 0;
		};
		765C8B46261CA2C50056C83B /* Frameworks */ = {
			isa = PBXFrameworksBuildPhase;
			buildActionMask = 2147483647;
			files = (
				9C8D265B35A9DBEC89A99257 /* Pods_Marumaru_MarumaruUITests.framework in Frameworks */,
			);
			runOnlyForDeploymentPostprocessing = 0;
		};
/* End PBXFrameworksBuildPhase section */

/* Begin PBXGroup section */
		5A67613C88A4F68AD84818F9 /* Pods */ = {
			isa = PBXGroup;
			children = (
				D5FD35E0AA5D42074F856D4E /* Pods-Marumaru.debug.xcconfig */,
				75B38F94C6426583177E9F4C /* Pods-Marumaru.release.xcconfig */,
				CF29403175D2D4B8E4CD79A6 /* Pods-Marumaru-MarumaruUITests.debug.xcconfig */,
				EE6B01A78FC0DC1C23A810A3 /* Pods-Marumaru-MarumaruUITests.release.xcconfig */,
				85EE1F44E4EA0C6AF74FC541 /* Pods-MarumaruTests.debug.xcconfig */,
				D3D8AFF9BB995A4AE0FA3B43 /* Pods-MarumaruTests.release.xcconfig */,
			);
			path = Pods;
			sourceTree = "<group>";
		};
		765A0FC326BED7ED005DDD8B /* Storyboard */ = {
			isa = PBXGroup;
			children = (
				765C8C81261F1AA10056C83B /* Cells */,
				765C8B2E261CA2C30056C83B /* Main.storyboard */,
				765C8B36261CA2C50056C83B /* LaunchScreen.storyboard */,
			);
			name = Storyboard;
			sourceTree = "<group>";
		};
		765C8B1C261CA2C30056C83B = {
			isa = PBXGroup;
			children = (
				765C8B27261CA2C30056C83B /* Marumaru */,
				765C8B41261CA2C50056C83B /* MarumaruTests */,
				765C8B4C261CA2C50056C83B /* MarumaruUITests */,
				765C8B26261CA2C30056C83B /* Products */,
				5A67613C88A4F68AD84818F9 /* Pods */,
				C4905DE0F56F23021F4F66E7 /* Frameworks */,
			);
			sourceTree = "<group>";
		};
		765C8B26261CA2C30056C83B /* Products */ = {
			isa = PBXGroup;
			children = (
				765C8B25261CA2C30056C83B /* Marumaru.app */,
				765C8B3E261CA2C50056C83B /* MarumaruTests.xctest */,
				765C8B49261CA2C50056C83B /* MarumaruUITests.xctest */,
			);
			name = Products;
			sourceTree = "<group>";
		};
		765C8B27261CA2C30056C83B /* Marumaru */ = {
			isa = PBXGroup;
			children = (
				76937C572657923900D36C45 /* Model */,
				76937C592657925300D36C45 /* View */,
				76C9A20426356C08000F801C /* Controller */,
				76BEEB4B2622D80000642001 /* LottieAnims */,
				765C8B34261CA2C50056C83B /* Assets.xcassets */,
				765C8B39261CA2C50056C83B /* Info.plist */,
				765C8B28261CA2C30056C83B /* AppDelegate.swift */,
				765C8B2A261CA2C30056C83B /* SceneDelegate.swift */,
			);
			path = Marumaru;
			sourceTree = "<group>";
		};
		765C8B41261CA2C50056C83B /* MarumaruTests */ = {
			isa = PBXGroup;
			children = (
				765C8B42261CA2C50056C83B /* MarumaruTests.swift */,
				765C8B44261CA2C50056C83B /* Info.plist */,
			);
			path = MarumaruTests;
			sourceTree = "<group>";
		};
		765C8B4C261CA2C50056C83B /* MarumaruUITests */ = {
			isa = PBXGroup;
			children = (
				765C8B4D261CA2C50056C83B /* MarumaruUITests.swift */,
				765C8B4F261CA2C50056C83B /* Info.plist */,
			);
			path = MarumaruUITests;
			sourceTree = "<group>";
		};
		765C8C81261F1AA10056C83B /* Cells */ = {
			isa = PBXGroup;
			children = (
				765C8C3B261DBADF0056C83B /* MangaCollectionCell.swift */,
				765C8C4A261DBC960056C83B /* TopRankMangaCell.swift */,
				765C8C77261F192C0056C83B /* MangaEpisodeCell.swift */,
				765C8C7C261F1A2C0056C83B /* MangaSceneCell.swift */,
				76BEEBAF2624B64E00642001 /* ResultMangaCell.swift */,
				7641C3AE2646826100A79A79 /* MangaEpisodePopoverCell.swift */,
			);
			name = Cells;
			sourceTree = "<group>";
		};
		76937C572657923900D36C45 /* Model */ = {
			isa = PBXGroup;
			children = (
				765C8B31261CA2C30056C83B /* Marumaru.xcdatamodeld */,
				76C9A2862636AF2A000F801C /* WatchHistory+CoreDataClass.swift */,
				76C9A2852636AF2A000F801C /* WatchHistory+CoreDataProperties.swift */,
				76C9A1B82631BC7F000F801C /* NetworkHandelr.swift */,
				76C9A2792636A842000F801C /* CoreDataHandler.swift */,
				7641C3B22646874300A79A79 /* Episode.swift */,
			);
			name = Model;
			sourceTree = "<group>";
		};
		76937C592657925300D36C45 /* View */ = {
			isa = PBXGroup;
			children = (
				765A0FC326BED7ED005DDD8B /* Storyboard */,
				765A0FC426BED824005DDD8B /* ColorSet.swift */,
				765A0FC826BEFB05005DDD8B /* IconSet.swift */,
				765A0FC626BEE9B2005DDD8B /* ViewGlobalExtension.swift */,
				76B60D3B26C5785700533562 /* AppbarView.swift */,
			);
			name = View;
			sourceTree = "<group>";
		};
		76BEEB4B2622D80000642001 /* LottieAnims */ = {
			isa = PBXGroup;
			children = (
				765A0FF426C16629005DDD8B /* loading_circle.json */,
				765A0FF526C16629005DDD8B /* loading_square.json */,
				76BEEB5C2622FB8500642001 /* error_circle.json */,
			);
			name = LottieAnims;
			sourceTree = "<group>";
		};
		76C9A20426356C08000F801C /* Controller */ = {
			isa = PBXGroup;
			children = (
				765C8B2C261CA2C30056C83B /* ViewController.swift */,
				76BEEBA826248A1600642001 /* SearchViewController.swift */,
				764AE0E1262DA971000F490D /* MangaHistoryViewController.swift */,
				765C8C67261F05BD0056C83B /* MangaEpisodeViewController.swift */,
				765C8C6C261F16880056C83B /* ViewMangaViewController.swift */,
				7641C3B0264682B900A79A79 /* EpisodePopoverViewController.swift */,
			);
			name = Controller;
			sourceTree = "<group>";
		};
		C4905DE0F56F23021F4F66E7 /* Frameworks */ = {
			isa = PBXGroup;
			children = (
				84A9524FF95BAEAB169EB1C3 /* Pods_Marumaru.framework */,
				48210CEC09A72371A2CA875A /* Pods_Marumaru_MarumaruUITests.framework */,
				5ED1A6BA4DC636B3CCD84B1E /* Pods_MarumaruTests.framework */,
			);
			name = Frameworks;
			sourceTree = "<group>";
		};
/* End PBXGroup section */

/* Begin PBXNativeTarget section */
		765C8B24261CA2C30056C83B /* Marumaru */ = {
			isa = PBXNativeTarget;
			buildConfigurationList = 765C8B52261CA2C50056C83B /* Build configuration list for PBXNativeTarget "Marumaru" */;
			buildPhases = (
				1F642ABA33E64062EDD36C33 /* [CP] Check Pods Manifest.lock */,
				765C8B21261CA2C30056C83B /* Sources */,
				765C8B22261CA2C30056C83B /* Frameworks */,
				765C8B23261CA2C30056C83B /* Resources */,
				A6D4304743DCB090A454511C /* [CP] Embed Pods Frameworks */,
			);
			buildRules = (
			);
			dependencies = (
			);
			name = Marumaru;
			productName = Marumaru;
			productReference = 765C8B25261CA2C30056C83B /* Marumaru.app */;
			productType = "com.apple.product-type.application";
		};
		765C8B3D261CA2C50056C83B /* MarumaruTests */ = {
			isa = PBXNativeTarget;
			buildConfigurationList = 765C8B55261CA2C50056C83B /* Build configuration list for PBXNativeTarget "MarumaruTests" */;
			buildPhases = (
				EBD9C763D3501CF2FC0FC94B /* [CP] Check Pods Manifest.lock */,
				765C8B3A261CA2C50056C83B /* Sources */,
				765C8B3B261CA2C50056C83B /* Frameworks */,
				765C8B3C261CA2C50056C83B /* Resources */,
			);
			buildRules = (
			);
			dependencies = (
				765C8B40261CA2C50056C83B /* PBXTargetDependency */,
			);
			name = MarumaruTests;
			productName = MarumaruTests;
			productReference = 765C8B3E261CA2C50056C83B /* MarumaruTests.xctest */;
			productType = "com.apple.product-type.bundle.unit-test";
		};
		765C8B48261CA2C50056C83B /* MarumaruUITests */ = {
			isa = PBXNativeTarget;
			buildConfigurationList = 765C8B58261CA2C50056C83B /* Build configuration list for PBXNativeTarget "MarumaruUITests" */;
			buildPhases = (
				86F1510F3FE0F952C7E45F39 /* [CP] Check Pods Manifest.lock */,
				765C8B45261CA2C50056C83B /* Sources */,
				765C8B46261CA2C50056C83B /* Frameworks */,
				765C8B47261CA2C50056C83B /* Resources */,
				C98014875F02D0C2CE070BE9 /* [CP] Embed Pods Frameworks */,
			);
			buildRules = (
			);
			dependencies = (
				765C8B4B261CA2C50056C83B /* PBXTargetDependency */,
			);
			name = MarumaruUITests;
			productName = MarumaruUITests;
			productReference = 765C8B49261CA2C50056C83B /* MarumaruUITests.xctest */;
			productType = "com.apple.product-type.bundle.ui-testing";
		};
/* End PBXNativeTarget section */

/* Begin PBXProject section */
		765C8B1D261CA2C30056C83B /* Project object */ = {
			isa = PBXProject;
			attributes = {
				LastSwiftUpdateCheck = 1240;
				LastUpgradeCheck = 1240;
				TargetAttributes = {
					765C8B24261CA2C30056C83B = {
						CreatedOnToolsVersion = 12.4;
					};
					765C8B3D261CA2C50056C83B = {
						CreatedOnToolsVersion = 12.4;
						TestTargetID = 765C8B24261CA2C30056C83B;
					};
					765C8B48261CA2C50056C83B = {
						CreatedOnToolsVersion = 12.4;
						TestTargetID = 765C8B24261CA2C30056C83B;
					};
				};
			};
			buildConfigurationList = 765C8B20261CA2C30056C83B /* Build configuration list for PBXProject "Marumaru" */;
			compatibilityVersion = "Xcode 9.3";
			developmentRegion = en;
			hasScannedForEncodings = 0;
			knownRegions = (
				en,
				Base,
			);
			mainGroup = 765C8B1C261CA2C30056C83B;
			productRefGroup = 765C8B26261CA2C30056C83B /* Products */;
			projectDirPath = "";
			projectRoot = "";
			targets = (
				765C8B24261CA2C30056C83B /* Marumaru */,
				765C8B3D261CA2C50056C83B /* MarumaruTests */,
				765C8B48261CA2C50056C83B /* MarumaruUITests */,
			);
		};
/* End PBXProject section */

/* Begin PBXResourcesBuildPhase section */
		765C8B23261CA2C30056C83B /* Resources */ = {
			isa = PBXResourcesBuildPhase;
			buildActionMask = 2147483647;
			files = (
				765C8B38261CA2C50056C83B /* LaunchScreen.storyboard in Resources */,
				765A0FF726C16629005DDD8B /* loading_square.json in Resources */,
				765C8B35261CA2C50056C83B /* Assets.xcassets in Resources */,
				76BEEB5D2622FB8500642001 /* error_circle.json in Resources */,
				765C8B30261CA2C30056C83B /* Main.storyboard in Resources */,
				765A0FF626C16629005DDD8B /* loading_circle.json in Resources */,
			);
			runOnlyForDeploymentPostprocessing = 0;
		};
		765C8B3C261CA2C50056C83B /* Resources */ = {
			isa = PBXResourcesBuildPhase;
			buildActionMask = 2147483647;
			files = (
				76BEEB5E2622FB8500642001 /* error_circle.json in Resources */,
			);
			runOnlyForDeploymentPostprocessing = 0;
		};
		765C8B47261CA2C50056C83B /* Resources */ = {
			isa = PBXResourcesBuildPhase;
			buildActionMask = 2147483647;
			files = (
				76BEEB5F2622FB8500642001 /* error_circle.json in Resources */,
			);
			runOnlyForDeploymentPostprocessing = 0;
		};
/* End PBXResourcesBuildPhase section */

/* Begin PBXShellScriptBuildPhase section */
		1F642ABA33E64062EDD36C33 /* [CP] Check Pods Manifest.lock */ = {
			isa = PBXShellScriptBuildPhase;
			buildActionMask = 2147483647;
			files = (
			);
			inputFileListPaths = (
			);
			inputPaths = (
				"${PODS_PODFILE_DIR_PATH}/Podfile.lock",
				"${PODS_ROOT}/Manifest.lock",
			);
			name = "[CP] Check Pods Manifest.lock";
			outputFileListPaths = (
			);
			outputPaths = (
				"$(DERIVED_FILE_DIR)/Pods-Marumaru-checkManifestLockResult.txt",
			);
			runOnlyForDeploymentPostprocessing = 0;
			shellPath = /bin/sh;
			shellScript = "diff \"${PODS_PODFILE_DIR_PATH}/Podfile.lock\" \"${PODS_ROOT}/Manifest.lock\" > /dev/null\nif [ $? != 0 ] ; then\n    # print error to STDERR\n    echo \"error: The sandbox is not in sync with the Podfile.lock. Run 'pod install' or update your CocoaPods installation.\" >&2\n    exit 1\nfi\n# This output is used by Xcode 'outputs' to avoid re-running this script phase.\necho \"SUCCESS\" > \"${SCRIPT_OUTPUT_FILE_0}\"\n";
			showEnvVarsInLog = 0;
		};
		86F1510F3FE0F952C7E45F39 /* [CP] Check Pods Manifest.lock */ = {
			isa = PBXShellScriptBuildPhase;
			buildActionMask = 2147483647;
			files = (
			);
			inputFileListPaths = (
			);
			inputPaths = (
				"${PODS_PODFILE_DIR_PATH}/Podfile.lock",
				"${PODS_ROOT}/Manifest.lock",
			);
			name = "[CP] Check Pods Manifest.lock";
			outputFileListPaths = (
			);
			outputPaths = (
				"$(DERIVED_FILE_DIR)/Pods-Marumaru-MarumaruUITests-checkManifestLockResult.txt",
			);
			runOnlyForDeploymentPostprocessing = 0;
			shellPath = /bin/sh;
			shellScript = "diff \"${PODS_PODFILE_DIR_PATH}/Podfile.lock\" \"${PODS_ROOT}/Manifest.lock\" > /dev/null\nif [ $? != 0 ] ; then\n    # print error to STDERR\n    echo \"error: The sandbox is not in sync with the Podfile.lock. Run 'pod install' or update your CocoaPods installation.\" >&2\n    exit 1\nfi\n# This output is used by Xcode 'outputs' to avoid re-running this script phase.\necho \"SUCCESS\" > \"${SCRIPT_OUTPUT_FILE_0}\"\n";
			showEnvVarsInLog = 0;
		};
		A6D4304743DCB090A454511C /* [CP] Embed Pods Frameworks */ = {
			isa = PBXShellScriptBuildPhase;
			buildActionMask = 2147483647;
			files = (
			);
			inputFileListPaths = (
				"${PODS_ROOT}/Target Support Files/Pods-Marumaru/Pods-Marumaru-frameworks-${CONFIGURATION}-input-files.xcfilelist",
			);
			name = "[CP] Embed Pods Frameworks";
			outputFileListPaths = (
				"${PODS_ROOT}/Target Support Files/Pods-Marumaru/Pods-Marumaru-frameworks-${CONFIGURATION}-output-files.xcfilelist",
			);
			runOnlyForDeploymentPostprocessing = 0;
			shellPath = /bin/sh;
			shellScript = "\"${PODS_ROOT}/Target Support Files/Pods-Marumaru/Pods-Marumaru-frameworks.sh\"\n";
			showEnvVarsInLog = 0;
		};
		C98014875F02D0C2CE070BE9 /* [CP] Embed Pods Frameworks */ = {
			isa = PBXShellScriptBuildPhase;
			buildActionMask = 2147483647;
			files = (
			);
			inputFileListPaths = (
				"${PODS_ROOT}/Target Support Files/Pods-Marumaru-MarumaruUITests/Pods-Marumaru-MarumaruUITests-frameworks-${CONFIGURATION}-input-files.xcfilelist",
			);
			name = "[CP] Embed Pods Frameworks";
			outputFileListPaths = (
				"${PODS_ROOT}/Target Support Files/Pods-Marumaru-MarumaruUITests/Pods-Marumaru-MarumaruUITests-frameworks-${CONFIGURATION}-output-files.xcfilelist",
			);
			runOnlyForDeploymentPostprocessing = 0;
			shellPath = /bin/sh;
			shellScript = "\"${PODS_ROOT}/Target Support Files/Pods-Marumaru-MarumaruUITests/Pods-Marumaru-MarumaruUITests-frameworks.sh\"\n";
			showEnvVarsInLog = 0;
		};
		EBD9C763D3501CF2FC0FC94B /* [CP] Check Pods Manifest.lock */ = {
			isa = PBXShellScriptBuildPhase;
			buildActionMask = 2147483647;
			files = (
			);
			inputFileListPaths = (
			);
			inputPaths = (
				"${PODS_PODFILE_DIR_PATH}/Podfile.lock",
				"${PODS_ROOT}/Manifest.lock",
			);
			name = "[CP] Check Pods Manifest.lock";
			outputFileListPaths = (
			);
			outputPaths = (
				"$(DERIVED_FILE_DIR)/Pods-MarumaruTests-checkManifestLockResult.txt",
			);
			runOnlyForDeploymentPostprocessing = 0;
			shellPath = /bin/sh;
			shellScript = "diff \"${PODS_PODFILE_DIR_PATH}/Podfile.lock\" \"${PODS_ROOT}/Manifest.lock\" > /dev/null\nif [ $? != 0 ] ; then\n    # print error to STDERR\n    echo \"error: The sandbox is not in sync with the Podfile.lock. Run 'pod install' or update your CocoaPods installation.\" >&2\n    exit 1\nfi\n# This output is used by Xcode 'outputs' to avoid re-running this script phase.\necho \"SUCCESS\" > \"${SCRIPT_OUTPUT_FILE_0}\"\n";
			showEnvVarsInLog = 0;
		};
/* End PBXShellScriptBuildPhase section */

/* Begin PBXSourcesBuildPhase section */
		765C8B21261CA2C30056C83B /* Sources */ = {
			isa = PBXSourcesBuildPhase;
			buildActionMask = 2147483647;
			files = (
				765C8C68261F05BD0056C83B /* MangaEpisodeViewController.swift in Sources */,
				765A0FC926BEFB05005DDD8B /* IconSet.swift in Sources */,
				765A0FC726BEE9B2005DDD8B /* ViewGlobalExtension.swift in Sources */,
				76BEEBA926248A1600642001 /* SearchViewController.swift in Sources */,
				76B60D3C26C5785700533562 /* AppbarView.swift in Sources */,
				765A0FC526BED824005DDD8B /* ColorSet.swift in Sources */,
				76C9A2882636AF2A000F801C /* WatchHistory+CoreDataClass.swift in Sources */,
				76C9A27A2636A843000F801C /* CoreDataHandler.swift in Sources */,
				765C8C78261F192C0056C83B /* MangaEpisodeCell.swift in Sources */,
				76C9A2872636AF2A000F801C /* WatchHistory+CoreDataProperties.swift in Sources */,
				765C8B2D261CA2C30056C83B /* ViewController.swift in Sources */,
				764AE0E2262DA971000F490D /* MangaHistoryViewController.swift in Sources */,
				765C8B29261CA2C30056C83B /* AppDelegate.swift in Sources */,
				765C8B2B261CA2C30056C83B /* SceneDelegate.swift in Sources */,
				76C9A1B92631BC7F000F801C /* NetworkHandelr.swift in Sources */,
				765C8C3C261DBADF0056C83B /* MangaCollectionCell.swift in Sources */,
				7641C3AF2646826100A79A79 /* MangaEpisodePopoverCell.swift in Sources */,
				7641C3B32646874300A79A79 /* Episode.swift in Sources */,
				76BEEBB02624B64E00642001 /* ResultMangaCell.swift in Sources */,
				765C8C4B261DBC960056C83B /* TopRankMangaCell.swift in Sources */,
				7641C3B1264682B900A79A79 /* EpisodePopoverViewController.swift in Sources */,
				765C8C6D261F16880056C83B /* ViewMangaViewController.swift in Sources */,
				765C8B33261CA2C30056C83B /* Marumaru.xcdatamodeld in Sources */,
				765C8C7D261F1A2C0056C83B /* MangaSceneCell.swift in Sources */,
			);
			runOnlyForDeploymentPostprocessing = 0;
		};
		765C8B3A261CA2C50056C83B /* Sources */ = {
			isa = PBXSourcesBuildPhase;
			buildActionMask = 2147483647;
			files = (
				76BEEBB12624B64E00642001 /* ResultMangaCell.swift in Sources */,
				765C8B43261CA2C50056C83B /* MarumaruTests.swift in Sources */,
			);
			runOnlyForDeploymentPostprocessing = 0;
		};
		765C8B45261CA2C50056C83B /* Sources */ = {
			isa = PBXSourcesBuildPhase;
			buildActionMask = 2147483647;
			files = (
				76BEEBB22624B64E00642001 /* ResultMangaCell.swift in Sources */,
				765C8B4E261CA2C50056C83B /* MarumaruUITests.swift in Sources */,
			);
			runOnlyForDeploymentPostprocessing = 0;
		};
/* End PBXSourcesBuildPhase section */

/* Begin PBXTargetDependency section */
		765C8B40261CA2C50056C83B /* PBXTargetDependency */ = {
			isa = PBXTargetDependency;
			target = 765C8B24261CA2C30056C83B /* Marumaru */;
			targetProxy = 765C8B3F261CA2C50056C83B /* PBXContainerItemProxy */;
		};
		765C8B4B261CA2C50056C83B /* PBXTargetDependency */ = {
			isa = PBXTargetDependency;
			target = 765C8B24261CA2C30056C83B /* Marumaru */;
			targetProxy = 765C8B4A261CA2C50056C83B /* PBXContainerItemProxy */;
		};
/* End PBXTargetDependency section */

/* Begin PBXVariantGroup section */
		765C8B2E261CA2C30056C83B /* Main.storyboard */ = {
			isa = PBXVariantGroup;
			children = (
				765C8B2F261CA2C30056C83B /* Base */,
			);
			name = Main.storyboard;
			sourceTree = "<group>";
		};
		765C8B36261CA2C50056C83B /* LaunchScreen.storyboard */ = {
			isa = PBXVariantGroup;
			children = (
				765C8B37261CA2C50056C83B /* Base */,
			);
			name = LaunchScreen.storyboard;
			sourceTree = "<group>";
		};
/* End PBXVariantGroup section */

/* Begin XCBuildConfiguration section */
		765C8B50261CA2C50056C83B /* Debug */ = {
			isa = XCBuildConfiguration;
			buildSettings = {
				ALWAYS_SEARCH_USER_PATHS = NO;
				CLANG_ANALYZER_NONNULL = YES;
				CLANG_ANALYZER_NUMBER_OBJECT_CONVERSION = YES_AGGRESSIVE;
				CLANG_CXX_LANGUAGE_STANDARD = "gnu++14";
				CLANG_CXX_LIBRARY = "libc++";
				CLANG_ENABLE_MODULES = YES;
				CLANG_ENABLE_OBJC_ARC = YES;
				CLANG_ENABLE_OBJC_WEAK = YES;
				CLANG_WARN_BLOCK_CAPTURE_AUTORELEASING = YES;
				CLANG_WARN_BOOL_CONVERSION = YES;
				CLANG_WARN_COMMA = YES;
				CLANG_WARN_CONSTANT_CONVERSION = YES;
				CLANG_WARN_DEPRECATED_OBJC_IMPLEMENTATIONS = YES;
				CLANG_WARN_DIRECT_OBJC_ISA_USAGE = YES_ERROR;
				CLANG_WARN_DOCUMENTATION_COMMENTS = YES;
				CLANG_WARN_EMPTY_BODY = YES;
				CLANG_WARN_ENUM_CONVERSION = YES;
				CLANG_WARN_INFINITE_RECURSION = YES;
				CLANG_WARN_INT_CONVERSION = YES;
				CLANG_WARN_NON_LITERAL_NULL_CONVERSION = YES;
				CLANG_WARN_OBJC_IMPLICIT_RETAIN_SELF = YES;
				CLANG_WARN_OBJC_LITERAL_CONVERSION = YES;
				CLANG_WARN_OBJC_ROOT_CLASS = YES_ERROR;
				CLANG_WARN_QUOTED_INCLUDE_IN_FRAMEWORK_HEADER = YES;
				CLANG_WARN_RANGE_LOOP_ANALYSIS = YES;
				CLANG_WARN_STRICT_PROTOTYPES = YES;
				CLANG_WARN_SUSPICIOUS_MOVE = YES;
				CLANG_WARN_UNGUARDED_AVAILABILITY = YES_AGGRESSIVE;
				CLANG_WARN_UNREACHABLE_CODE = YES;
				CLANG_WARN__DUPLICATE_METHOD_MATCH = YES;
				COPY_PHASE_STRIP = NO;
				DEBUG_INFORMATION_FORMAT = dwarf;
				ENABLE_STRICT_OBJC_MSGSEND = YES;
				ENABLE_TESTABILITY = YES;
				GCC_C_LANGUAGE_STANDARD = gnu11;
				GCC_DYNAMIC_NO_PIC = NO;
				GCC_NO_COMMON_BLOCKS = YES;
				GCC_OPTIMIZATION_LEVEL = 0;
				GCC_PREPROCESSOR_DEFINITIONS = (
					"DEBUG=1",
					"$(inherited)",
				);
				GCC_WARN_64_TO_32_BIT_CONVERSION = YES;
				GCC_WARN_ABOUT_RETURN_TYPE = YES_ERROR;
				GCC_WARN_UNDECLARED_SELECTOR = YES;
				GCC_WARN_UNINITIALIZED_AUTOS = YES_AGGRESSIVE;
				GCC_WARN_UNUSED_FUNCTION = YES;
				GCC_WARN_UNUSED_VARIABLE = YES;
				IPHONEOS_DEPLOYMENT_TARGET = 14.4;
				MTL_ENABLE_DEBUG_INFO = INCLUDE_SOURCE;
				MTL_FAST_MATH = YES;
				ONLY_ACTIVE_ARCH = YES;
				SDKROOT = iphoneos;
				SWIFT_ACTIVE_COMPILATION_CONDITIONS = DEBUG;
				SWIFT_OPTIMIZATION_LEVEL = "-Onone";
			};
			name = Debug;
		};
		765C8B51261CA2C50056C83B /* Release */ = {
			isa = XCBuildConfiguration;
			buildSettings = {
				ALWAYS_SEARCH_USER_PATHS = NO;
				CLANG_ANALYZER_NONNULL = YES;
				CLANG_ANALYZER_NUMBER_OBJECT_CONVERSION = YES_AGGRESSIVE;
				CLANG_CXX_LANGUAGE_STANDARD = "gnu++14";
				CLANG_CXX_LIBRARY = "libc++";
				CLANG_ENABLE_MODULES = YES;
				CLANG_ENABLE_OBJC_ARC = YES;
				CLANG_ENABLE_OBJC_WEAK = YES;
				CLANG_WARN_BLOCK_CAPTURE_AUTORELEASING = YES;
				CLANG_WARN_BOOL_CONVERSION = YES;
				CLANG_WARN_COMMA = YES;
				CLANG_WARN_CONSTANT_CONVERSION = YES;
				CLANG_WARN_DEPRECATED_OBJC_IMPLEMENTATIONS = YES;
				CLANG_WARN_DIRECT_OBJC_ISA_USAGE = YES_ERROR;
				CLANG_WARN_DOCUMENTATION_COMMENTS = YES;
				CLANG_WARN_EMPTY_BODY = YES;
				CLANG_WARN_ENUM_CONVERSION = YES;
				CLANG_WARN_INFINITE_RECURSION = YES;
				CLANG_WARN_INT_CONVERSION = YES;
				CLANG_WARN_NON_LITERAL_NULL_CONVERSION = YES;
				CLANG_WARN_OBJC_IMPLICIT_RETAIN_SELF = YES;
				CLANG_WARN_OBJC_LITERAL_CONVERSION = YES;
				CLANG_WARN_OBJC_ROOT_CLASS = YES_ERROR;
				CLANG_WARN_QUOTED_INCLUDE_IN_FRAMEWORK_HEADER = YES;
				CLANG_WARN_RANGE_LOOP_ANALYSIS = YES;
				CLANG_WARN_STRICT_PROTOTYPES = YES;
				CLANG_WARN_SUSPICIOUS_MOVE = YES;
				CLANG_WARN_UNGUARDED_AVAILABILITY = YES_AGGRESSIVE;
				CLANG_WARN_UNREACHABLE_CODE = YES;
				CLANG_WARN__DUPLICATE_METHOD_MATCH = YES;
				COPY_PHASE_STRIP = NO;
				DEBUG_INFORMATION_FORMAT = "dwarf-with-dsym";
				ENABLE_NS_ASSERTIONS = NO;
				ENABLE_STRICT_OBJC_MSGSEND = YES;
				GCC_C_LANGUAGE_STANDARD = gnu11;
				GCC_NO_COMMON_BLOCKS = YES;
				GCC_WARN_64_TO_32_BIT_CONVERSION = YES;
				GCC_WARN_ABOUT_RETURN_TYPE = YES_ERROR;
				GCC_WARN_UNDECLARED_SELECTOR = YES;
				GCC_WARN_UNINITIALIZED_AUTOS = YES_AGGRESSIVE;
				GCC_WARN_UNUSED_FUNCTION = YES;
				GCC_WARN_UNUSED_VARIABLE = YES;
				IPHONEOS_DEPLOYMENT_TARGET = 14.4;
				MTL_ENABLE_DEBUG_INFO = NO;
				MTL_FAST_MATH = YES;
				SDKROOT = iphoneos;
				SWIFT_COMPILATION_MODE = wholemodule;
				SWIFT_OPTIMIZATION_LEVEL = "-O";
				VALIDATE_PRODUCT = YES;
			};
			name = Release;
		};
		765C8B53261CA2C50056C83B /* Debug */ = {
			isa = XCBuildConfiguration;
			baseConfigurationReference = D5FD35E0AA5D42074F856D4E /* Pods-Marumaru.debug.xcconfig */;
			buildSettings = {
				ASSETCATALOG_COMPILER_APPICON_NAME = AppIcon;
				ASSETCATALOG_COMPILER_GLOBAL_ACCENT_COLOR_NAME = AccentColor;
				CODE_SIGN_IDENTITY = "Apple Development";
				CODE_SIGN_STYLE = Automatic;
				DEVELOPMENT_TEAM = 497P4L97SV;
				INFOPLIST_FILE = Marumaru/Info.plist;
				IPHONEOS_DEPLOYMENT_TARGET = 13.0;
				LD_RUNPATH_SEARCH_PATHS = (
					"$(inherited)",
					"@executable_path/Frameworks",
				);
				MARKETING_VERSION = 0.1.1;
				PRODUCT_BUNDLE_IDENTIFIER = MuffinLabs.Marumaru;
				PRODUCT_NAME = "$(TARGET_NAME)";
				PROVISIONING_PROFILE_SPECIFIER = "";
				SWIFT_VERSION = 5.0;
				TARGETED_DEVICE_FAMILY = "1,2";
			};
			name = Debug;
		};
		765C8B54261CA2C50056C83B /* Release */ = {
			isa = XCBuildConfiguration;
			baseConfigurationReference = 75B38F94C6426583177E9F4C /* Pods-Marumaru.release.xcconfig */;
			buildSettings = {
				ASSETCATALOG_COMPILER_APPICON_NAME = AppIcon;
				ASSETCATALOG_COMPILER_GLOBAL_ACCENT_COLOR_NAME = AccentColor;
				CODE_SIGN_IDENTITY = "Apple Development";
				CODE_SIGN_STYLE = Automatic;
				DEVELOPMENT_TEAM = 497P4L97SV;
				INFOPLIST_FILE = Marumaru/Info.plist;
				IPHONEOS_DEPLOYMENT_TARGET = 13.0;
				LD_RUNPATH_SEARCH_PATHS = (
					"$(inherited)",
					"@executable_path/Frameworks",
				);
				MARKETING_VERSION = 0.1.1;
				PRODUCT_BUNDLE_IDENTIFIER = MuffinLabs.Marumaru;
				PRODUCT_NAME = "$(TARGET_NAME)";
				PROVISIONING_PROFILE_SPECIFIER = "";
				SWIFT_VERSION = 5.0;
				TARGETED_DEVICE_FAMILY = "1,2";
			};
			name = Release;
		};
		765C8B56261CA2C50056C83B /* Debug */ = {
			isa = XCBuildConfiguration;
			baseConfigurationReference = 85EE1F44E4EA0C6AF74FC541 /* Pods-MarumaruTests.debug.xcconfig */;
			buildSettings = {
				ALWAYS_EMBED_SWIFT_STANDARD_LIBRARIES = YES;
				BUNDLE_LOADER = "$(TEST_HOST)";
				CODE_SIGN_STYLE = Automatic;
				DEVELOPMENT_TEAM = 497P4L97SV;
				INFOPLIST_FILE = MarumaruTests/Info.plist;
				IPHONEOS_DEPLOYMENT_TARGET = 14.4;
				LD_RUNPATH_SEARCH_PATHS = (
					"$(inherited)",
					"@executable_path/Frameworks",
					"@loader_path/Frameworks",
				);
				PRODUCT_BUNDLE_IDENTIFIER = MuffinLabs.MarumaruTests;
				PRODUCT_NAME = "$(TARGET_NAME)";
				SWIFT_VERSION = 5.0;
				TARGETED_DEVICE_FAMILY = "1,2";
				TEST_HOST = "$(BUILT_PRODUCTS_DIR)/Marumaru.app/Marumaru";
			};
			name = Debug;
		};
		765C8B57261CA2C50056C83B /* Release */ = {
			isa = XCBuildConfiguration;
			baseConfigurationReference = D3D8AFF9BB995A4AE0FA3B43 /* Pods-MarumaruTests.release.xcconfig */;
			buildSettings = {
				ALWAYS_EMBED_SWIFT_STANDARD_LIBRARIES = YES;
				BUNDLE_LOADER = "$(TEST_HOST)";
				CODE_SIGN_STYLE = Automatic;
				DEVELOPMENT_TEAM = 497P4L97SV;
				INFOPLIST_FILE = MarumaruTests/Info.plist;
				IPHONEOS_DEPLOYMENT_TARGET = 14.4;
				LD_RUNPATH_SEARCH_PATHS = (
					"$(inherited)",
					"@executable_path/Frameworks",
					"@loader_path/Frameworks",
				);
				PRODUCT_BUNDLE_IDENTIFIER = MuffinLabs.MarumaruTests;
				PRODUCT_NAME = "$(TARGET_NAME)";
				SWIFT_VERSION = 5.0;
				TARGETED_DEVICE_FAMILY = "1,2";
				TEST_HOST = "$(BUILT_PRODUCTS_DIR)/Marumaru.app/Marumaru";
			};
			name = Release;
		};
		765C8B59261CA2C50056C83B /* Debug */ = {
			isa = XCBuildConfiguration;
			baseConfigurationReference = CF29403175D2D4B8E4CD79A6 /* Pods-Marumaru-MarumaruUITests.debug.xcconfig */;
			buildSettings = {
				ALWAYS_EMBED_SWIFT_STANDARD_LIBRARIES = YES;
				CODE_SIGN_STYLE = Automatic;
				DEVELOPMENT_TEAM = 497P4L97SV;
				INFOPLIST_FILE = MarumaruUITests/Info.plist;
				LD_RUNPATH_SEARCH_PATHS = (
					"$(inherited)",
					"@executable_path/Frameworks",
					"@loader_path/Frameworks",
				);
				PRODUCT_BUNDLE_IDENTIFIER = MuffinLabs.MarumaruUITests;
				PRODUCT_NAME = "$(TARGET_NAME)";
				SWIFT_VERSION = 5.0;
				TARGETED_DEVICE_FAMILY = "1,2";
				TEST_TARGET_NAME = Marumaru;
			};
			name = Debug;
		};
		765C8B5A261CA2C50056C83B /* Release */ = {
			isa = XCBuildConfiguration;
			baseConfigurationReference = EE6B01A78FC0DC1C23A810A3 /* Pods-Marumaru-MarumaruUITests.release.xcconfig */;
			buildSettings = {
				ALWAYS_EMBED_SWIFT_STANDARD_LIBRARIES = YES;
				CODE_SIGN_STYLE = Automatic;
				DEVELOPMENT_TEAM = 497P4L97SV;
				INFOPLIST_FILE = MarumaruUITests/Info.plist;
				LD_RUNPATH_SEARCH_PATHS = (
					"$(inherited)",
					"@executable_path/Frameworks",
					"@loader_path/Frameworks",
				);
				PRODUCT_BUNDLE_IDENTIFIER = MuffinLabs.MarumaruUITests;
				PRODUCT_NAME = "$(TARGET_NAME)";
				SWIFT_VERSION = 5.0;
				TARGETED_DEVICE_FAMILY = "1,2";
				TEST_TARGET_NAME = Marumaru;
			};
			name = Release;
		};
/* End XCBuildConfiguration section */

/* Begin XCConfigurationList section */
		765C8B20261CA2C30056C83B /* Build configuration list for PBXProject "Marumaru" */ = {
			isa = XCConfigurationList;
			buildConfigurations = (
				765C8B50261CA2C50056C83B /* Debug */,
				765C8B51261CA2C50056C83B /* Release */,
			);
			defaultConfigurationIsVisible = 0;
			defaultConfigurationName = Release;
		};
		765C8B52261CA2C50056C83B /* Build configuration list for PBXNativeTarget "Marumaru" */ = {
			isa = XCConfigurationList;
			buildConfigurations = (
				765C8B53261CA2C50056C83B /* Debug */,
				765C8B54261CA2C50056C83B /* Release */,
			);
			defaultConfigurationIsVisible = 0;
			defaultConfigurationName = Release;
		};
		765C8B55261CA2C50056C83B /* Build configuration list for PBXNativeTarget "MarumaruTests" */ = {
			isa = XCConfigurationList;
			buildConfigurations = (
				765C8B56261CA2C50056C83B /* Debug */,
				765C8B57261CA2C50056C83B /* Release */,
			);
			defaultConfigurationIsVisible = 0;
			defaultConfigurationName = Release;
		};
		765C8B58261CA2C50056C83B /* Build configuration list for PBXNativeTarget "MarumaruUITests" */ = {
			isa = XCConfigurationList;
			buildConfigurations = (
				765C8B59261CA2C50056C83B /* Debug */,
				765C8B5A261CA2C50056C83B /* Release */,
			);
			defaultConfigurationIsVisible = 0;
			defaultConfigurationName = Release;
		};
/* End XCConfigurationList section */

/* Begin XCVersionGroup section */
		765C8B31261CA2C30056C83B /* Marumaru.xcdatamodeld */ = {
			isa = XCVersionGroup;
			children = (
				765C8B32261CA2C30056C83B /* Marumaru.xcdatamodel */,
			);
			currentVersion = 765C8B32261CA2C30056C83B /* Marumaru.xcdatamodel */;
			path = Marumaru.xcdatamodeld;
			sourceTree = "<group>";
			versionGroupType = wrapper.xcdatamodel;
		};
/* End XCVersionGroup section */
	};
	rootObject = 765C8B1D261CA2C30056C83B /* Project object */;
}
