// !$*UTF8*$!
{
	archiveVersion = 1;
	classes = {
	};
	objectVersion = 54;
	objects = {

/* Begin PBXBuildFile section */
		421353808949F347B800D7E3 /* Pods_Marumaru.framework in Frameworks */ = {isa = PBXBuildFile; fileRef = 2A07D4BE364E8F36F40EE39A /* Pods_Marumaru.framework */; };
		49561FB926DCE0AC00FEE026 /* FlexibleSceneScrollViewCell.swift in Sources */ = {isa = PBXBuildFile; fileRef = 49561FB826DCE0AC00FEE026 /* FlexibleSceneScrollViewCell.swift */; };
		49C63E4426D59202004E576F /* FlexibleSceneScrollView.swift in Sources */ = {isa = PBXBuildFile; fileRef = 49C63E4326D59202004E576F /* FlexibleSceneScrollView.swift */; };
		6DCADC2F19A09BA0104BFEB3 /* Pods_MarumaruTests.framework in Frameworks */ = {isa = PBXBuildFile; fileRef = 608A2B42CDCB73F327345482 /* Pods_MarumaruTests.framework */; };
		7641C3AF2646826100A79A79 /* PopOverComicEpisodeTableCell.swift in Sources */ = {isa = PBXBuildFile; fileRef = 7641C3AE2646826100A79A79 /* PopOverComicEpisodeTableCell.swift */; };
		7641C3B1264682B900A79A79 /* PopOverComicEpisodeViewController.swift in Sources */ = {isa = PBXBuildFile; fileRef = 7641C3B0264682B900A79A79 /* PopOverComicEpisodeViewController.swift */; };
		7641C3B32646874300A79A79 /* EpisodeItem.swift in Sources */ = {isa = PBXBuildFile; fileRef = 7641C3B22646874300A79A79 /* EpisodeItem.swift */; };
		764AE0E2262DA971000F490D /* WatchHistoryViewController.swift in Sources */ = {isa = PBXBuildFile; fileRef = 764AE0E1262DA971000F490D /* WatchHistoryViewController.swift */; };
		765C8B29261CA2C30056C83B /* AppDelegate.swift in Sources */ = {isa = PBXBuildFile; fileRef = 765C8B28261CA2C30056C83B /* AppDelegate.swift */; };
		765C8B2B261CA2C30056C83B /* SceneDelegate.swift in Sources */ = {isa = PBXBuildFile; fileRef = 765C8B2A261CA2C30056C83B /* SceneDelegate.swift */; };
		765C8B2D261CA2C30056C83B /* MainViewController.swift in Sources */ = {isa = PBXBuildFile; fileRef = 765C8B2C261CA2C30056C83B /* MainViewController.swift */; };
		765C8B35261CA2C50056C83B /* Assets.xcassets in Resources */ = {isa = PBXBuildFile; fileRef = 765C8B34261CA2C50056C83B /* Assets.xcassets */; };
		765C8B38261CA2C50056C83B /* LaunchScreen.storyboard in Resources */ = {isa = PBXBuildFile; fileRef = 765C8B36261CA2C50056C83B /* LaunchScreen.storyboard */; };
		765C8B43261CA2C50056C83B /* MarumaruAPITests.swift in Sources */ = {isa = PBXBuildFile; fileRef = 765C8B42261CA2C50056C83B /* MarumaruAPITests.swift */; };
		765C8B4E261CA2C50056C83B /* MarumaruUITests.swift in Sources */ = {isa = PBXBuildFile; fileRef = 765C8B4D261CA2C50056C83B /* MarumaruUITests.swift */; };
		765C8C68261F05BD0056C83B /* ComicDetailViewController.swift in Sources */ = {isa = PBXBuildFile; fileRef = 765C8C67261F05BD0056C83B /* ComicDetailViewController.swift */; };
		765C8C6D261F16880056C83B /* ComicStripViewController.swift in Sources */ = {isa = PBXBuildFile; fileRef = 765C8C6C261F16880056C83B /* ComicStripViewController.swift */; };
		765C8C78261F192C0056C83B /* ComicEpisodeThumbnailTableCell.swift in Sources */ = {isa = PBXBuildFile; fileRef = 765C8C77261F192C0056C83B /* ComicEpisodeThumbnailTableCell.swift */; };
		7684F3D226C61B890012BD8E /* ImageCache.swift in Sources */ = {isa = PBXBuildFile; fileRef = 7684F3D126C61B890012BD8E /* ImageCache.swift */; };
		7684F3E226CAA49F0012BD8E /* ComicThumbnailCollectionCell.xib in Resources */ = {isa = PBXBuildFile; fileRef = 7684F3E026CAA49F0012BD8E /* ComicThumbnailCollectionCell.xib */; };
		7684F3EA26CB5F6A0012BD8E /* ComicEpisodeThumbnailTableCell.xib in Resources */ = {isa = PBXBuildFile; fileRef = 7684F3E826CB5F6A0012BD8E /* ComicEpisodeThumbnailTableCell.xib */; };
		7684F3EC26CB6BBA0012BD8E /* ComicInfo.swift in Sources */ = {isa = PBXBuildFile; fileRef = 7684F3EB26CB6BBA0012BD8E /* ComicInfo.swift */; };
		76BEEBA926248A1600642001 /* SearchComicViewController.swift in Sources */ = {isa = PBXBuildFile; fileRef = 76BEEBA826248A1600642001 /* SearchComicViewController.swift */; };
		76BEEBB02624B64E00642001 /* ComicThumbnailCollectionCell.swift in Sources */ = {isa = PBXBuildFile; fileRef = 76BEEBAF2624B64E00642001 /* ComicThumbnailCollectionCell.swift */; };
		76BEEBB12624B64E00642001 /* ComicThumbnailCollectionCell.swift in Sources */ = {isa = PBXBuildFile; fileRef = 76BEEBAF2624B64E00642001 /* ComicThumbnailCollectionCell.swift */; };
		76BEEBB22624B64E00642001 /* ComicThumbnailCollectionCell.swift in Sources */ = {isa = PBXBuildFile; fileRef = 76BEEBAF2624B64E00642001 /* ComicThumbnailCollectionCell.swift */; };
		76C9A1B92631BC7F000F801C /* MarumaruApiService.swift in Sources */ = {isa = PBXBuildFile; fileRef = 76C9A1B82631BC7F000F801C /* MarumaruApiService.swift */; };
		76C9A27A2636A843000F801C /* WatchHistoryManager.swift in Sources */ = {isa = PBXBuildFile; fileRef = 76C9A2792636A842000F801C /* WatchHistoryManager.swift */; };
		76F9129D26CF6FAE00B39BE7 /* WatchHistory.swift in Sources */ = {isa = PBXBuildFile; fileRef = 76F9129C26CF6FAE00B39BE7 /* WatchHistory.swift */; };
		76F912E926CFDFA100B39BE7 /* ComicEpisode.swift in Sources */ = {isa = PBXBuildFile; fileRef = 76F912E826CFDFA000B39BE7 /* ComicEpisode.swift */; };
		76F912EB26CFFE9700B39BE7 /* ComicStripScene.swift in Sources */ = {isa = PBXBuildFile; fileRef = 76F912EA26CFFE9700B39BE7 /* ComicStripScene.swift */; };
		76F912F526D160FA00B39BE7 /* loading_cat_radial.json in Resources */ = {isa = PBXBuildFile; fileRef = 76F912F426D160FA00B39BE7 /* loading_cat_radial.json */; };
		8E1569862847AEF800BF1008 /* ImageSessionManager.swift in Sources */ = {isa = PBXBuildFile; fileRef = 8E1569852847AEF800BF1008 /* ImageSessionManager.swift */; };
		8E3192CB283A15B900C350F9 /* PopOverComicEpisodeTableCell.xib in Resources */ = {isa = PBXBuildFile; fileRef = 8E3192C9283A15B900C350F9 /* PopOverComicEpisodeTableCell.xib */; };
		8E319309283B540900C350F9 /* BaseViewController.swift in Sources */ = {isa = PBXBuildFile; fileRef = 8E319308283B540900C350F9 /* BaseViewController.swift */; };
		8E3A896627AB9FB00014303D /* TagLabel.swift in Sources */ = {isa = PBXBuildFile; fileRef = 8E3A896527AB9FB00014303D /* TagLabel.swift */; };
		8E3C72FB27A983EC00F057DA /* MainViewModel.swift in Sources */ = {isa = PBXBuildFile; fileRef = 8E3C72FA27A983EC00F057DA /* MainViewModel.swift */; };
		8E41465D28437E490005BCFD /* Localizable.strings in Resources */ = {isa = PBXBuildFile; fileRef = 8E41465C28437E490005BCFD /* Localizable.strings */; };
		8E41465F284380120005BCFD /* String+Localizable.swift in Sources */ = {isa = PBXBuildFile; fileRef = 8E41465E284380120005BCFD /* String+Localizable.swift */; };
		8E41466E284394AA0005BCFD /* coming_soon.json in Resources */ = {isa = PBXBuildFile; fileRef = 8E41466D284394AA0005BCFD /* coming_soon.json */; };
		8E414670284394DF0005BCFD /* ComingSoonViewController.swift in Sources */ = {isa = PBXBuildFile; fileRef = 8E41466F284394DF0005BCFD /* ComingSoonViewController.swift */; };
		8E414672284397E20005BCFD /* SearchHistory.swift in Sources */ = {isa = PBXBuildFile; fileRef = 8E414671284397E20005BCFD /* SearchHistory.swift */; };
		8E414674284398770005BCFD /* SearchHistoryManager.swift in Sources */ = {isa = PBXBuildFile; fileRef = 8E414673284398770005BCFD /* SearchHistoryManager.swift */; };
		8E41467728439AFF0005BCFD /* SearchHistoryCollectionCell.swift in Sources */ = {isa = PBXBuildFile; fileRef = 8E41467528439AFF0005BCFD /* SearchHistoryCollectionCell.swift */; };
		8E41467828439AFF0005BCFD /* SearchHistoryCollectionCell.xib in Resources */ = {isa = PBXBuildFile; fileRef = 8E41467628439AFF0005BCFD /* SearchHistoryCollectionCell.xib */; };
		8E41467A28439D6E0005BCFD /* SearchHistory.storyboard in Resources */ = {isa = PBXBuildFile; fileRef = 8E41467928439D6E0005BCFD /* SearchHistory.storyboard */; };
		8E41467C28439D880005BCFD /* SearchHistoryViewController.swift in Sources */ = {isa = PBXBuildFile; fileRef = 8E41467B28439D880005BCFD /* SearchHistoryViewController.swift */; };
		8E41467E28439DA20005BCFD /* SearchResult.storyboard in Resources */ = {isa = PBXBuildFile; fileRef = 8E41467D28439DA20005BCFD /* SearchResult.storyboard */; };
		8E41468028439DAE0005BCFD /* SearchResultViewController.swift in Sources */ = {isa = PBXBuildFile; fileRef = 8E41467F28439DAE0005BCFD /* SearchResultViewController.swift */; };
		8E41468228439ED00005BCFD /* SearchResultViewModel.swift in Sources */ = {isa = PBXBuildFile; fileRef = 8E41468128439ED00005BCFD /* SearchResultViewModel.swift */; };
		8E4146842843BBE50005BCFD /* SearchHistoryViewModel.swift in Sources */ = {isa = PBXBuildFile; fileRef = 8E4146832843BBE50005BCFD /* SearchHistoryViewModel.swift */; };
		8E442E8128466B5F009A7E8D /* UILabe+Underline.swift in Sources */ = {isa = PBXBuildFile; fileRef = 8E442E8028466B5F009A7E8D /* UILabe+Underline.swift */; };
		8E442E872846A039009A7E8D /* acrobatic_cat.json in Resources */ = {isa = PBXBuildFile; fileRef = 8E442E832846A039009A7E8D /* acrobatic_cat.json */; };
		8E442E882846A039009A7E8D /* lying_cat.json in Resources */ = {isa = PBXBuildFile; fileRef = 8E442E842846A039009A7E8D /* lying_cat.json */; };
		8E442E892846A039009A7E8D /* sleeping_cat.json in Resources */ = {isa = PBXBuildFile; fileRef = 8E442E852846A039009A7E8D /* sleeping_cat.json */; };
		8E442E8A2846A039009A7E8D /* bubble_tea_cat.json in Resources */ = {isa = PBXBuildFile; fileRef = 8E442E862846A039009A7E8D /* bubble_tea_cat.json */; };
		8E4FFE1D2844F04B00A7ED7B /* eyes_blinking.json in Resources */ = {isa = PBXBuildFile; fileRef = 8E4FFE1B2844F04B00A7ED7B /* eyes_blinking.json */; };
		8E4FFE1E2844F04B00A7ED7B /* fire_burning.json in Resources */ = {isa = PBXBuildFile; fileRef = 8E4FFE1C2844F04B00A7ED7B /* fire_burning.json */; };
		8E4FFE202844F0AB00A7ED7B /* LottieAnimationView.swift in Sources */ = {isa = PBXBuildFile; fileRef = 8E4FFE1F2844F0AB00A7ED7B /* LottieAnimationView.swift */; };
		8E4FFE222844F6B600A7ED7B /* trophy.json in Resources */ = {isa = PBXBuildFile; fileRef = 8E4FFE212844F6B600A7ED7B /* trophy.json */; };
		8E553E6E2845CF0F00B7F5BC /* MarumaruApiServiceViewModel.swift in Sources */ = {isa = PBXBuildFile; fileRef = 8E553E6D2845CF0F00B7F5BC /* MarumaruApiServiceViewModel.swift */; };
		8E553E702846132200B7F5BC /* SearchHistorySection.swift in Sources */ = {isa = PBXBuildFile; fileRef = 8E553E6F2846132200B7F5BC /* SearchHistorySection.swift */; };
		8E553E7328461D7700B7F5BC /* DescriptionHeaderReusableView.swift in Sources */ = {isa = PBXBuildFile; fileRef = 8E553E7128461D7700B7F5BC /* DescriptionHeaderReusableView.swift */; };
		8E553E7428461D7700B7F5BC /* DescriptionHeaderReusableView.xib in Resources */ = {isa = PBXBuildFile; fileRef = 8E553E7228461D7700B7F5BC /* DescriptionHeaderReusableView.xib */; };
		8E553E762846260C00B7F5BC /* SearchResultSection.swift in Sources */ = {isa = PBXBuildFile; fileRef = 8E553E752846260C00B7F5BC /* SearchResultSection.swift */; };
		8E553E792846305A00B7F5BC /* SingleButtonFooterReusableView.swift in Sources */ = {isa = PBXBuildFile; fileRef = 8E553E772846305A00B7F5BC /* SingleButtonFooterReusableView.swift */; };
		8E553E7A2846305A00B7F5BC /* SingleButtonFooterReusableView.xib in Resources */ = {isa = PBXBuildFile; fileRef = 8E553E782846305A00B7F5BC /* SingleButtonFooterReusableView.xib */; };
		8E662DE927AC2C3E0048BF39 /* FlexibleSceneScrollViewCellModel.swift in Sources */ = {isa = PBXBuildFile; fileRef = 8E662DE827AC2C3E0048BF39 /* FlexibleSceneScrollViewCellModel.swift */; };
		8E662DEB27AC2FF40048BF39 /* WatchHistoryViewModel.swift in Sources */ = {isa = PBXBuildFile; fileRef = 8E662DEA27AC2FF40048BF39 /* WatchHistoryViewModel.swift */; };
		8E82D73F27B25701008230BE /* UIView+Insets.swift in Sources */ = {isa = PBXBuildFile; fileRef = 8E82D73E27B25701008230BE /* UIView+Insets.swift */; };
		8E83DAD12842058F00C0A10B /* Main.storyboard in Resources */ = {isa = PBXBuildFile; fileRef = 8E83DAD02842058F00C0A10B /* Main.storyboard */; };
		8E83DAD728426DBA00C0A10B /* UICollectionView+ScrollTo.swift in Sources */ = {isa = PBXBuildFile; fileRef = 8E83DAD628426DBA00C0A10B /* UICollectionView+ScrollTo.swift */; };
		8E83DADB28428E0C00C0A10B /* UIView+CustomAnimation.swift in Sources */ = {isa = PBXBuildFile; fileRef = 8E83DADA28428E0C00C0A10B /* UIView+CustomAnimation.swift */; };
		8E87CE6227ACEAD0008CD9C9 /* WatchHistoryCollectionReusableView.swift in Sources */ = {isa = PBXBuildFile; fileRef = 8E87CE6127ACEAD0008CD9C9 /* WatchHistoryCollectionReusableView.swift */; };
		8E88519F27A952A900126701 /* .swiftlint.yml in Resources */ = {isa = PBXBuildFile; fileRef = 8E88519E27A952A900126701 /* .swiftlint.yml */; };
		8E8851A227A9534600126701 /* R.generated.swift in Sources */ = {isa = PBXBuildFile; fileRef = 8E8851A127A9534600126701 /* R.generated.swift */; };
		8E8D381B27ABA4C700E82FE2 /* ComicDetailViewModel.swift in Sources */ = {isa = PBXBuildFile; fileRef = 8E8D381A27ABA4C700E82FE2 /* ComicDetailViewModel.swift */; };
		8E8D381D27ABD56600E82FE2 /* ComicStripViewModel.swift in Sources */ = {isa = PBXBuildFile; fileRef = 8E8D381C27ABD56600E82FE2 /* ComicStripViewModel.swift */; };
		8E9213412839491B001B33A9 /* ViewModelInjectable.swift in Sources */ = {isa = PBXBuildFile; fileRef = 8E9213402839491B001B33A9 /* ViewModelInjectable.swift */; };
		8E92C01A283EA3E500E0CD82 /* rainbow_cat.json in Resources */ = {isa = PBXBuildFile; fileRef = 8E92C019283EA3E500E0CD82 /* rainbow_cat.json */; };
		8E92C02C283F68ED00E0CD82 /* UIView+LottieAnimation.swift in Sources */ = {isa = PBXBuildFile; fileRef = 8E92C02B283F68ED00E0CD82 /* UIView+LottieAnimation.swift */; };
		8EA6B5B728392BA70019B590 /* ComicStrip.storyboard in Resources */ = {isa = PBXBuildFile; fileRef = 8EA6B5B628392BA70019B590 /* ComicStrip.storyboard */; };
		8EA6B5B928392BD30019B590 /* PopOverComicEpisode.storyboard in Resources */ = {isa = PBXBuildFile; fileRef = 8EA6B5B828392BD30019B590 /* PopOverComicEpisode.storyboard */; };
		8EAFD069283B78B700FD569F /* MainTabBarController.swift in Sources */ = {isa = PBXBuildFile; fileRef = 8EAFD068283B78B700FD569F /* MainTabBarController.swift */; };
		8EAFD06C283CAA2500FD569F /* SearchResultComicCollectionCell.swift in Sources */ = {isa = PBXBuildFile; fileRef = 8EAFD06A283CAA2500FD569F /* SearchResultComicCollectionCell.swift */; };
		8EAFD06D283CAA2500FD569F /* SearchResultComicCollectionCell.xib in Resources */ = {isa = PBXBuildFile; fileRef = 8EAFD06B283CAA2500FD569F /* SearchResultComicCollectionCell.xib */; };
		8EAFD06F283CC14300FD569F /* UILabel+BackgroundHighlighter.swift in Sources */ = {isa = PBXBuildFile; fileRef = 8EAFD06E283CC14300FD569F /* UILabel+BackgroundHighlighter.swift */; };
		8EBCD0F127AAAB8300BEE157 /* ComicRankTableCell.swift in Sources */ = {isa = PBXBuildFile; fileRef = 8EBCD0EF27AAAB8300BEE157 /* ComicRankTableCell.swift */; };
		8EBCD0F227AAAB8300BEE157 /* ComicRankTableCell.xib in Resources */ = {isa = PBXBuildFile; fileRef = 8EBCD0F027AAAB8300BEE157 /* ComicRankTableCell.xib */; };
		8ECAB66228390F6B008E531D /* WatchHistory.storyboard in Resources */ = {isa = PBXBuildFile; fileRef = 8ECAB66128390F6B008E531D /* WatchHistory.storyboard */; };
		8ECAB664283910F3008E531D /* SearchComic.storyboard in Resources */ = {isa = PBXBuildFile; fileRef = 8ECAB663283910F3008E531D /* SearchComic.storyboard */; };
		8ECAB666283911F3008E531D /* ComicDetail.storyboard in Resources */ = {isa = PBXBuildFile; fileRef = 8ECAB665283911F3008E531D /* ComicDetail.storyboard */; };
		8ED2466227AAC82B00226F2D /* SearchComicViewModel.swift in Sources */ = {isa = PBXBuildFile; fileRef = 8ED2466127AAC82B00226F2D /* SearchComicViewModel.swift */; };
		8ED56F3027ADACD000E78A8A /* ComicEpisodePopOverViewModel.swift in Sources */ = {isa = PBXBuildFile; fileRef = 8ED56F2F27ADACD000E78A8A /* ComicEpisodePopOverViewModel.swift */; };
		8ED56F3227AEFA7F00E78A8A /* UIImage+AverageColor.swift in Sources */ = {isa = PBXBuildFile; fileRef = 8ED56F3127AEFA7F00E78A8A /* UIImage+AverageColor.swift */; };
		8ED56F3427AEFBAA00E78A8A /* ThumbnailView.swift in Sources */ = {isa = PBXBuildFile; fileRef = 8ED56F3327AEFBAA00E78A8A /* ThumbnailView.swift */; };
		8ED56F3627AEFCB300E78A8A /* UIColor+HEX.swift in Sources */ = {isa = PBXBuildFile; fileRef = 8ED56F3527AEFCB300E78A8A /* UIColor+HEX.swift */; };
		8ED56F3827AEFDD400E78A8A /* UIView+Animation.swift in Sources */ = {isa = PBXBuildFile; fileRef = 8ED56F3727AEFDD400E78A8A /* UIView+Animation.swift */; };
		8EFCD0E728408A3A00685503 /* UIView+StickyLabel.swift in Sources */ = {isa = PBXBuildFile; fileRef = 8EFCD0E628408A3A00685503 /* UIView+StickyLabel.swift */; };
		8EFCD0EA2840DB3900685503 /* WatchHistorySection.swift in Sources */ = {isa = PBXBuildFile; fileRef = 8EFCD0E92840DB3900685503 /* WatchHistorySection.swift */; };
		8EFCD0EC2841F0E600685503 /* Array+IsInBound.swift in Sources */ = {isa = PBXBuildFile; fileRef = 8EFCD0EB2841F0E600685503 /* Array+IsInBound.swift */; };
		C00765530DEF280CDCC3A311 /* Pods_Marumaru_MarumaruUITests.framework in Frameworks */ = {isa = PBXBuildFile; fileRef = FD62ECFA81A16F514E3C7E2F /* Pods_Marumaru_MarumaruUITests.framework */; };
/* End PBXBuildFile section */

/* Begin PBXContainerItemProxy section */
		765C8B3F261CA2C50056C83B /* PBXContainerItemProxy */ = {
			isa = PBXContainerItemProxy;
			containerPortal = 765C8B1D261CA2C30056C83B /* Project object */;
			proxyType = 1;
			remoteGlobalIDString = 765C8B24261CA2C30056C83B;
			remoteInfo = Marumaru;
		};
		765C8B4A261CA2C50056C83B /* PBXContainerItemProxy */ = {
			isa = PBXContainerItemProxy;
			containerPortal = 765C8B1D261CA2C30056C83B /* Project object */;
			proxyType = 1;
			remoteGlobalIDString = 765C8B24261CA2C30056C83B;
			remoteInfo = Marumaru;
		};
/* End PBXContainerItemProxy section */

/* Begin PBXFileReference section */
		0351C515D0459645E7176C2E /* Pods-Marumaru-MarumaruUITests.debug.xcconfig */ = {isa = PBXFileReference; includeInIndex = 1; lastKnownFileType = text.xcconfig; name = "Pods-Marumaru-MarumaruUITests.debug.xcconfig"; path = "Target Support Files/Pods-Marumaru-MarumaruUITests/Pods-Marumaru-MarumaruUITests.debug.xcconfig"; sourceTree = "<group>"; };
		1C8C0B6288C577F0D199AA5E /* Pods-Marumaru.release.xcconfig */ = {isa = PBXFileReference; includeInIndex = 1; lastKnownFileType = text.xcconfig; name = "Pods-Marumaru.release.xcconfig"; path = "Target Support Files/Pods-Marumaru/Pods-Marumaru.release.xcconfig"; sourceTree = "<group>"; };
		2A07D4BE364E8F36F40EE39A /* Pods_Marumaru.framework */ = {isa = PBXFileReference; explicitFileType = wrapper.framework; includeInIndex = 0; path = Pods_Marumaru.framework; sourceTree = BUILT_PRODUCTS_DIR; };
		49561FB826DCE0AC00FEE026 /* FlexibleSceneScrollViewCell.swift */ = {isa = PBXFileReference; fileEncoding = 4; lastKnownFileType = sourcecode.swift; path = FlexibleSceneScrollViewCell.swift; sourceTree = "<group>"; };
		49C63E4326D59202004E576F /* FlexibleSceneScrollView.swift */ = {isa = PBXFileReference; lastKnownFileType = sourcecode.swift; path = FlexibleSceneScrollView.swift; sourceTree = "<group>"; };
		608A2B42CDCB73F327345482 /* Pods_MarumaruTests.framework */ = {isa = PBXFileReference; explicitFileType = wrapper.framework; includeInIndex = 0; path = Pods_MarumaruTests.framework; sourceTree = BUILT_PRODUCTS_DIR; };
		684FD373C658CE5C97795F16 /* Pods-MarumaruTests.debug.xcconfig */ = {isa = PBXFileReference; includeInIndex = 1; lastKnownFileType = text.xcconfig; name = "Pods-MarumaruTests.debug.xcconfig"; path = "Target Support Files/Pods-MarumaruTests/Pods-MarumaruTests.debug.xcconfig"; sourceTree = "<group>"; };
		7641C3AE2646826100A79A79 /* PopOverComicEpisodeTableCell.swift */ = {isa = PBXFileReference; lastKnownFileType = sourcecode.swift; path = PopOverComicEpisodeTableCell.swift; sourceTree = "<group>"; };
		7641C3B0264682B900A79A79 /* PopOverComicEpisodeViewController.swift */ = {isa = PBXFileReference; lastKnownFileType = sourcecode.swift; path = PopOverComicEpisodeViewController.swift; sourceTree = "<group>"; };
		7641C3B22646874300A79A79 /* EpisodeItem.swift */ = {isa = PBXFileReference; lastKnownFileType = sourcecode.swift; path = EpisodeItem.swift; sourceTree = "<group>"; };
		764AE0E1262DA971000F490D /* WatchHistoryViewController.swift */ = {isa = PBXFileReference; lastKnownFileType = sourcecode.swift; path = WatchHistoryViewController.swift; sourceTree = "<group>"; };
		765C8B25261CA2C30056C83B /* Marumaru.app */ = {isa = PBXFileReference; explicitFileType = wrapper.application; includeInIndex = 0; path = Marumaru.app; sourceTree = BUILT_PRODUCTS_DIR; };
		765C8B28261CA2C30056C83B /* AppDelegate.swift */ = {isa = PBXFileReference; lastKnownFileType = sourcecode.swift; path = AppDelegate.swift; sourceTree = "<group>"; };
		765C8B2A261CA2C30056C83B /* SceneDelegate.swift */ = {isa = PBXFileReference; lastKnownFileType = sourcecode.swift; path = SceneDelegate.swift; sourceTree = "<group>"; };
		765C8B2C261CA2C30056C83B /* MainViewController.swift */ = {isa = PBXFileReference; lastKnownFileType = sourcecode.swift; path = MainViewController.swift; sourceTree = "<group>"; };
		765C8B34261CA2C50056C83B /* Assets.xcassets */ = {isa = PBXFileReference; lastKnownFileType = folder.assetcatalog; path = Assets.xcassets; sourceTree = "<group>"; };
		765C8B37261CA2C50056C83B /* Base */ = {isa = PBXFileReference; lastKnownFileType = file.storyboard; name = Base; path = Base.lproj/LaunchScreen.storyboard; sourceTree = "<group>"; };
		765C8B39261CA2C50056C83B /* Info.plist */ = {isa = PBXFileReference; lastKnownFileType = text.plist.xml; path = Info.plist; sourceTree = "<group>"; };
		765C8B3E261CA2C50056C83B /* MarumaruTests.xctest */ = {isa = PBXFileReference; explicitFileType = wrapper.cfbundle; includeInIndex = 0; path = MarumaruTests.xctest; sourceTree = BUILT_PRODUCTS_DIR; };
		765C8B42261CA2C50056C83B /* MarumaruAPITests.swift */ = {isa = PBXFileReference; lastKnownFileType = sourcecode.swift; path = MarumaruAPITests.swift; sourceTree = "<group>"; };
		765C8B44261CA2C50056C83B /* Info.plist */ = {isa = PBXFileReference; lastKnownFileType = text.plist.xml; path = Info.plist; sourceTree = "<group>"; };
		765C8B49261CA2C50056C83B /* MarumaruUITests.xctest */ = {isa = PBXFileReference; explicitFileType = wrapper.cfbundle; includeInIndex = 0; path = MarumaruUITests.xctest; sourceTree = BUILT_PRODUCTS_DIR; };
		765C8B4D261CA2C50056C83B /* MarumaruUITests.swift */ = {isa = PBXFileReference; lastKnownFileType = sourcecode.swift; path = MarumaruUITests.swift; sourceTree = "<group>"; };
		765C8B4F261CA2C50056C83B /* Info.plist */ = {isa = PBXFileReference; lastKnownFileType = text.plist.xml; path = Info.plist; sourceTree = "<group>"; };
		765C8C67261F05BD0056C83B /* ComicDetailViewController.swift */ = {isa = PBXFileReference; lastKnownFileType = sourcecode.swift; path = ComicDetailViewController.swift; sourceTree = "<group>"; };
		765C8C6C261F16880056C83B /* ComicStripViewController.swift */ = {isa = PBXFileReference; lastKnownFileType = sourcecode.swift; path = ComicStripViewController.swift; sourceTree = "<group>"; };
		765C8C77261F192C0056C83B /* ComicEpisodeThumbnailTableCell.swift */ = {isa = PBXFileReference; lastKnownFileType = sourcecode.swift; path = ComicEpisodeThumbnailTableCell.swift; sourceTree = "<group>"; };
		7684F3D126C61B890012BD8E /* ImageCache.swift */ = {isa = PBXFileReference; lastKnownFileType = sourcecode.swift; path = ImageCache.swift; sourceTree = "<group>"; };
		7684F3E026CAA49F0012BD8E /* ComicThumbnailCollectionCell.xib */ = {isa = PBXFileReference; lastKnownFileType = file.xib; path = ComicThumbnailCollectionCell.xib; sourceTree = "<group>"; };
		7684F3E826CB5F6A0012BD8E /* ComicEpisodeThumbnailTableCell.xib */ = {isa = PBXFileReference; lastKnownFileType = file.xib; path = ComicEpisodeThumbnailTableCell.xib; sourceTree = "<group>"; };
		7684F3EB26CB6BBA0012BD8E /* ComicInfo.swift */ = {isa = PBXFileReference; lastKnownFileType = sourcecode.swift; path = ComicInfo.swift; sourceTree = "<group>"; };
		76BEEBA826248A1600642001 /* SearchComicViewController.swift */ = {isa = PBXFileReference; lastKnownFileType = sourcecode.swift; path = SearchComicViewController.swift; sourceTree = "<group>"; };
		76BEEBAF2624B64E00642001 /* ComicThumbnailCollectionCell.swift */ = {isa = PBXFileReference; lastKnownFileType = sourcecode.swift; path = ComicThumbnailCollectionCell.swift; sourceTree = "<group>"; };
		76C9A1B82631BC7F000F801C /* MarumaruApiService.swift */ = {isa = PBXFileReference; lastKnownFileType = sourcecode.swift; path = MarumaruApiService.swift; sourceTree = "<group>"; };
		76C9A2792636A842000F801C /* WatchHistoryManager.swift */ = {isa = PBXFileReference; lastKnownFileType = sourcecode.swift; path = WatchHistoryManager.swift; sourceTree = "<group>"; };
		76F9129C26CF6FAE00B39BE7 /* WatchHistory.swift */ = {isa = PBXFileReference; lastKnownFileType = sourcecode.swift; path = WatchHistory.swift; sourceTree = "<group>"; };
		76F912E826CFDFA000B39BE7 /* ComicEpisode.swift */ = {isa = PBXFileReference; lastKnownFileType = sourcecode.swift; path = ComicEpisode.swift; sourceTree = "<group>"; };
		76F912EA26CFFE9700B39BE7 /* ComicStripScene.swift */ = {isa = PBXFileReference; lastKnownFileType = sourcecode.swift; path = ComicStripScene.swift; sourceTree = "<group>"; };
		76F912F426D160FA00B39BE7 /* loading_cat_radial.json */ = {isa = PBXFileReference; fileEncoding = 4; lastKnownFileType = text.json; path = loading_cat_radial.json; sourceTree = "<group>"; };
		8E1569852847AEF800BF1008 /* ImageSessionManager.swift */ = {isa = PBXFileReference; lastKnownFileType = sourcecode.swift; path = ImageSessionManager.swift; sourceTree = "<group>"; };
		8E3192C9283A15B900C350F9 /* PopOverComicEpisodeTableCell.xib */ = {isa = PBXFileReference; lastKnownFileType = file.xib; path = PopOverComicEpisodeTableCell.xib; sourceTree = "<group>"; };
		8E319308283B540900C350F9 /* BaseViewController.swift */ = {isa = PBXFileReference; lastKnownFileType = sourcecode.swift; path = BaseViewController.swift; sourceTree = "<group>"; };
		8E3A896527AB9FB00014303D /* TagLabel.swift */ = {isa = PBXFileReference; lastKnownFileType = sourcecode.swift; path = TagLabel.swift; sourceTree = "<group>"; };
		8E3C72FA27A983EC00F057DA /* MainViewModel.swift */ = {isa = PBXFileReference; lastKnownFileType = sourcecode.swift; path = MainViewModel.swift; sourceTree = "<group>"; };
		8E41465C28437E490005BCFD /* Localizable.strings */ = {isa = PBXFileReference; lastKnownFileType = text.plist.strings; path = Localizable.strings; sourceTree = "<group>"; };
		8E41465E284380120005BCFD /* String+Localizable.swift */ = {isa = PBXFileReference; lastKnownFileType = sourcecode.swift; path = "String+Localizable.swift"; sourceTree = "<group>"; };
		8E41466D284394AA0005BCFD /* coming_soon.json */ = {isa = PBXFileReference; fileEncoding = 4; lastKnownFileType = text.json; path = coming_soon.json; sourceTree = "<group>"; };
		8E41466F284394DF0005BCFD /* ComingSoonViewController.swift */ = {isa = PBXFileReference; lastKnownFileType = sourcecode.swift; path = ComingSoonViewController.swift; sourceTree = "<group>"; };
		8E414671284397E20005BCFD /* SearchHistory.swift */ = {isa = PBXFileReference; lastKnownFileType = sourcecode.swift; path = SearchHistory.swift; sourceTree = "<group>"; };
		8E414673284398770005BCFD /* SearchHistoryManager.swift */ = {isa = PBXFileReference; lastKnownFileType = sourcecode.swift; path = SearchHistoryManager.swift; sourceTree = "<group>"; };
		8E41467528439AFF0005BCFD /* SearchHistoryCollectionCell.swift */ = {isa = PBXFileReference; lastKnownFileType = sourcecode.swift; path = SearchHistoryCollectionCell.swift; sourceTree = "<group>"; };
		8E41467628439AFF0005BCFD /* SearchHistoryCollectionCell.xib */ = {isa = PBXFileReference; lastKnownFileType = file.xib; path = SearchHistoryCollectionCell.xib; sourceTree = "<group>"; };
		8E41467928439D6E0005BCFD /* SearchHistory.storyboard */ = {isa = PBXFileReference; lastKnownFileType = file.storyboard; path = SearchHistory.storyboard; sourceTree = "<group>"; };
		8E41467B28439D880005BCFD /* SearchHistoryViewController.swift */ = {isa = PBXFileReference; lastKnownFileType = sourcecode.swift; path = SearchHistoryViewController.swift; sourceTree = "<group>"; };
		8E41467D28439DA20005BCFD /* SearchResult.storyboard */ = {isa = PBXFileReference; lastKnownFileType = file.storyboard; path = SearchResult.storyboard; sourceTree = "<group>"; };
		8E41467F28439DAE0005BCFD /* SearchResultViewController.swift */ = {isa = PBXFileReference; lastKnownFileType = sourcecode.swift; path = SearchResultViewController.swift; sourceTree = "<group>"; };
		8E41468128439ED00005BCFD /* SearchResultViewModel.swift */ = {isa = PBXFileReference; lastKnownFileType = sourcecode.swift; path = SearchResultViewModel.swift; sourceTree = "<group>"; };
		8E4146832843BBE50005BCFD /* SearchHistoryViewModel.swift */ = {isa = PBXFileReference; lastKnownFileType = sourcecode.swift; path = SearchHistoryViewModel.swift; sourceTree = "<group>"; };
		8E442E8028466B5F009A7E8D /* UILabe+Underline.swift */ = {isa = PBXFileReference; lastKnownFileType = sourcecode.swift; path = "UILabe+Underline.swift"; sourceTree = "<group>"; };
		8E442E832846A039009A7E8D /* acrobatic_cat.json */ = {isa = PBXFileReference; fileEncoding = 4; lastKnownFileType = text.json; path = acrobatic_cat.json; sourceTree = "<group>"; };
		8E442E842846A039009A7E8D /* lying_cat.json */ = {isa = PBXFileReference; fileEncoding = 4; lastKnownFileType = text.json; path = lying_cat.json; sourceTree = "<group>"; };
		8E442E852846A039009A7E8D /* sleeping_cat.json */ = {isa = PBXFileReference; fileEncoding = 4; lastKnownFileType = text.json; path = sleeping_cat.json; sourceTree = "<group>"; };
		8E442E862846A039009A7E8D /* bubble_tea_cat.json */ = {isa = PBXFileReference; fileEncoding = 4; lastKnownFileType = text.json; path = bubble_tea_cat.json; sourceTree = "<group>"; };
		8E4FFE1B2844F04B00A7ED7B /* eyes_blinking.json */ = {isa = PBXFileReference; fileEncoding = 4; lastKnownFileType = text.json; path = eyes_blinking.json; sourceTree = "<group>"; };
		8E4FFE1C2844F04B00A7ED7B /* fire_burning.json */ = {isa = PBXFileReference; fileEncoding = 4; lastKnownFileType = text.json; path = fire_burning.json; sourceTree = "<group>"; };
		8E4FFE1F2844F0AB00A7ED7B /* LottieAnimationView.swift */ = {isa = PBXFileReference; lastKnownFileType = sourcecode.swift; path = LottieAnimationView.swift; sourceTree = "<group>"; };
		8E4FFE212844F6B600A7ED7B /* trophy.json */ = {isa = PBXFileReference; fileEncoding = 4; lastKnownFileType = text.json; path = trophy.json; sourceTree = "<group>"; };
		8E553E6D2845CF0F00B7F5BC /* MarumaruApiServiceViewModel.swift */ = {isa = PBXFileReference; lastKnownFileType = sourcecode.swift; path = MarumaruApiServiceViewModel.swift; sourceTree = "<group>"; };
		8E553E6F2846132200B7F5BC /* SearchHistorySection.swift */ = {isa = PBXFileReference; lastKnownFileType = sourcecode.swift; path = SearchHistorySection.swift; sourceTree = "<group>"; };
		8E553E7128461D7700B7F5BC /* DescriptionHeaderReusableView.swift */ = {isa = PBXFileReference; lastKnownFileType = sourcecode.swift; path = DescriptionHeaderReusableView.swift; sourceTree = "<group>"; };
		8E553E7228461D7700B7F5BC /* DescriptionHeaderReusableView.xib */ = {isa = PBXFileReference; lastKnownFileType = file.xib; path = DescriptionHeaderReusableView.xib; sourceTree = "<group>"; };
		8E553E752846260C00B7F5BC /* SearchResultSection.swift */ = {isa = PBXFileReference; lastKnownFileType = sourcecode.swift; path = SearchResultSection.swift; sourceTree = "<group>"; };
		8E553E772846305A00B7F5BC /* SingleButtonFooterReusableView.swift */ = {isa = PBXFileReference; lastKnownFileType = sourcecode.swift; path = SingleButtonFooterReusableView.swift; sourceTree = "<group>"; };
		8E553E782846305A00B7F5BC /* SingleButtonFooterReusableView.xib */ = {isa = PBXFileReference; lastKnownFileType = file.xib; path = SingleButtonFooterReusableView.xib; sourceTree = "<group>"; };
		8E662DE827AC2C3E0048BF39 /* FlexibleSceneScrollViewCellModel.swift */ = {isa = PBXFileReference; lastKnownFileType = sourcecode.swift; path = FlexibleSceneScrollViewCellModel.swift; sourceTree = "<group>"; };
		8E662DEA27AC2FF40048BF39 /* WatchHistoryViewModel.swift */ = {isa = PBXFileReference; lastKnownFileType = sourcecode.swift; path = WatchHistoryViewModel.swift; sourceTree = "<group>"; };
		8E82D73E27B25701008230BE /* UIView+Insets.swift */ = {isa = PBXFileReference; lastKnownFileType = sourcecode.swift; path = "UIView+Insets.swift"; sourceTree = "<group>"; };
		8E83DAD02842058F00C0A10B /* Main.storyboard */ = {isa = PBXFileReference; fileEncoding = 4; lastKnownFileType = file.storyboard; path = Main.storyboard; sourceTree = "<group>"; };
		8E83DAD628426DBA00C0A10B /* UICollectionView+ScrollTo.swift */ = {isa = PBXFileReference; lastKnownFileType = sourcecode.swift; path = "UICollectionView+ScrollTo.swift"; sourceTree = "<group>"; };
		8E83DADA28428E0C00C0A10B /* UIView+CustomAnimation.swift */ = {isa = PBXFileReference; lastKnownFileType = sourcecode.swift; path = "UIView+CustomAnimation.swift"; sourceTree = "<group>"; };
		8E87CE6127ACEAD0008CD9C9 /* WatchHistoryCollectionReusableView.swift */ = {isa = PBXFileReference; lastKnownFileType = sourcecode.swift; path = WatchHistoryCollectionReusableView.swift; sourceTree = "<group>"; };
		8E88519E27A952A900126701 /* .swiftlint.yml */ = {isa = PBXFileReference; fileEncoding = 4; lastKnownFileType = text.yaml; path = .swiftlint.yml; sourceTree = SOURCE_ROOT; };
		8E8851A127A9534600126701 /* R.generated.swift */ = {isa = PBXFileReference; fileEncoding = 4; lastKnownFileType = sourcecode.swift; path = R.generated.swift; sourceTree = SOURCE_ROOT; };
		8E8D381A27ABA4C700E82FE2 /* ComicDetailViewModel.swift */ = {isa = PBXFileReference; lastKnownFileType = sourcecode.swift; path = ComicDetailViewModel.swift; sourceTree = "<group>"; };
		8E8D381C27ABD56600E82FE2 /* ComicStripViewModel.swift */ = {isa = PBXFileReference; lastKnownFileType = sourcecode.swift; path = ComicStripViewModel.swift; sourceTree = "<group>"; };
		8E9213402839491B001B33A9 /* ViewModelInjectable.swift */ = {isa = PBXFileReference; lastKnownFileType = sourcecode.swift; path = ViewModelInjectable.swift; sourceTree = "<group>"; };
		8E92C019283EA3E500E0CD82 /* rainbow_cat.json */ = {isa = PBXFileReference; fileEncoding = 4; lastKnownFileType = text.json; path = rainbow_cat.json; sourceTree = "<group>"; };
		8E92C02B283F68ED00E0CD82 /* UIView+LottieAnimation.swift */ = {isa = PBXFileReference; fileEncoding = 4; lastKnownFileType = sourcecode.swift; path = "UIView+LottieAnimation.swift"; sourceTree = "<group>"; };
		8EA6B5B628392BA70019B590 /* ComicStrip.storyboard */ = {isa = PBXFileReference; lastKnownFileType = file.storyboard; path = ComicStrip.storyboard; sourceTree = "<group>"; };
		8EA6B5B828392BD30019B590 /* PopOverComicEpisode.storyboard */ = {isa = PBXFileReference; lastKnownFileType = file.storyboard; path = PopOverComicEpisode.storyboard; sourceTree = "<group>"; };
		8EAFD068283B78B700FD569F /* MainTabBarController.swift */ = {isa = PBXFileReference; lastKnownFileType = sourcecode.swift; path = MainTabBarController.swift; sourceTree = "<group>"; };
		8EAFD06A283CAA2500FD569F /* SearchResultComicCollectionCell.swift */ = {isa = PBXFileReference; lastKnownFileType = sourcecode.swift; path = SearchResultComicCollectionCell.swift; sourceTree = "<group>"; };
		8EAFD06B283CAA2500FD569F /* SearchResultComicCollectionCell.xib */ = {isa = PBXFileReference; lastKnownFileType = file.xib; path = SearchResultComicCollectionCell.xib; sourceTree = "<group>"; };
		8EAFD06E283CC14300FD569F /* UILabel+BackgroundHighlighter.swift */ = {isa = PBXFileReference; lastKnownFileType = sourcecode.swift; path = "UILabel+BackgroundHighlighter.swift"; sourceTree = "<group>"; };
		8EBCD0EF27AAAB8300BEE157 /* ComicRankTableCell.swift */ = {isa = PBXFileReference; lastKnownFileType = sourcecode.swift; path = ComicRankTableCell.swift; sourceTree = "<group>"; };
		8EBCD0F027AAAB8300BEE157 /* ComicRankTableCell.xib */ = {isa = PBXFileReference; lastKnownFileType = file.xib; path = ComicRankTableCell.xib; sourceTree = "<group>"; };
		8ECAB66128390F6B008E531D /* WatchHistory.storyboard */ = {isa = PBXFileReference; lastKnownFileType = file.storyboard; path = WatchHistory.storyboard; sourceTree = "<group>"; };
		8ECAB663283910F3008E531D /* SearchComic.storyboard */ = {isa = PBXFileReference; lastKnownFileType = file.storyboard; path = SearchComic.storyboard; sourceTree = "<group>"; };
		8ECAB665283911F3008E531D /* ComicDetail.storyboard */ = {isa = PBXFileReference; lastKnownFileType = file.storyboard; path = ComicDetail.storyboard; sourceTree = "<group>"; };
		8ED2466127AAC82B00226F2D /* SearchComicViewModel.swift */ = {isa = PBXFileReference; lastKnownFileType = sourcecode.swift; path = SearchComicViewModel.swift; sourceTree = "<group>"; };
		8ED56F2F27ADACD000E78A8A /* ComicEpisodePopOverViewModel.swift */ = {isa = PBXFileReference; lastKnownFileType = sourcecode.swift; path = ComicEpisodePopOverViewModel.swift; sourceTree = "<group>"; };
		8ED56F3127AEFA7F00E78A8A /* UIImage+AverageColor.swift */ = {isa = PBXFileReference; lastKnownFileType = sourcecode.swift; path = "UIImage+AverageColor.swift"; sourceTree = "<group>"; };
		8ED56F3327AEFBAA00E78A8A /* ThumbnailView.swift */ = {isa = PBXFileReference; lastKnownFileType = sourcecode.swift; path = ThumbnailView.swift; sourceTree = "<group>"; };
		8ED56F3527AEFCB300E78A8A /* UIColor+HEX.swift */ = {isa = PBXFileReference; lastKnownFileType = sourcecode.swift; path = "UIColor+HEX.swift"; sourceTree = "<group>"; };
		8ED56F3727AEFDD400E78A8A /* UIView+Animation.swift */ = {isa = PBXFileReference; lastKnownFileType = sourcecode.swift; path = "UIView+Animation.swift"; sourceTree = "<group>"; };
		8EFCD0E628408A3A00685503 /* UIView+StickyLabel.swift */ = {isa = PBXFileReference; lastKnownFileType = sourcecode.swift; path = "UIView+StickyLabel.swift"; sourceTree = "<group>"; };
		8EFCD0E92840DB3900685503 /* WatchHistorySection.swift */ = {isa = PBXFileReference; lastKnownFileType = sourcecode.swift; path = WatchHistorySection.swift; sourceTree = "<group>"; };
		8EFCD0EB2841F0E600685503 /* Array+IsInBound.swift */ = {isa = PBXFileReference; lastKnownFileType = sourcecode.swift; path = "Array+IsInBound.swift"; sourceTree = "<group>"; };
		CBF5F0663AC807DAABBC8E8E /* Pods-MarumaruTests.release.xcconfig */ = {isa = PBXFileReference; includeInIndex = 1; lastKnownFileType = text.xcconfig; name = "Pods-MarumaruTests.release.xcconfig"; path = "Target Support Files/Pods-MarumaruTests/Pods-MarumaruTests.release.xcconfig"; sourceTree = "<group>"; };
		E11FEB8A3320B8F6AE28D3CF /* Pods-Marumaru-MarumaruUITests.release.xcconfig */ = {isa = PBXFileReference; includeInIndex = 1; lastKnownFileType = text.xcconfig; name = "Pods-Marumaru-MarumaruUITests.release.xcconfig"; path = "Target Support Files/Pods-Marumaru-MarumaruUITests/Pods-Marumaru-MarumaruUITests.release.xcconfig"; sourceTree = "<group>"; };
		E8EC5D9AAD7559EF84E69CCB /* Pods-Marumaru.debug.xcconfig */ = {isa = PBXFileReference; includeInIndex = 1; lastKnownFileType = text.xcconfig; name = "Pods-Marumaru.debug.xcconfig"; path = "Target Support Files/Pods-Marumaru/Pods-Marumaru.debug.xcconfig"; sourceTree = "<group>"; };
		FD62ECFA81A16F514E3C7E2F /* Pods_Marumaru_MarumaruUITests.framework */ = {isa = PBXFileReference; explicitFileType = wrapper.framework; includeInIndex = 0; path = Pods_Marumaru_MarumaruUITests.framework; sourceTree = BUILT_PRODUCTS_DIR; };
/* End PBXFileReference section */

/* Begin PBXFrameworksBuildPhase section */
		765C8B22261CA2C30056C83B /* Frameworks */ = {
			isa = PBXFrameworksBuildPhase;
			buildActionMask = 2147483647;
			files = (
				421353808949F347B800D7E3 /* Pods_Marumaru.framework in Frameworks */,
			);
			runOnlyForDeploymentPostprocessing = 0;
		};
		765C8B3B261CA2C50056C83B /* Frameworks */ = {
			isa = PBXFrameworksBuildPhase;
			buildActionMask = 2147483647;
			files = (
				6DCADC2F19A09BA0104BFEB3 /* Pods_MarumaruTests.framework in Frameworks */,
			);
			runOnlyForDeploymentPostprocessing = 0;
		};
		765C8B46261CA2C50056C83B /* Frameworks */ = {
			isa = PBXFrameworksBuildPhase;
			buildActionMask = 2147483647;
			files = (
				C00765530DEF280CDCC3A311 /* Pods_Marumaru_MarumaruUITests.framework in Frameworks */,
			);
			runOnlyForDeploymentPostprocessing = 0;
		};
/* End PBXFrameworksBuildPhase section */

/* Begin PBXGroup section */
		5A67613C88A4F68AD84818F9 /* Pods */ = {
			isa = PBXGroup;
			children = (
				E8EC5D9AAD7559EF84E69CCB /* Pods-Marumaru.debug.xcconfig */,
				1C8C0B6288C577F0D199AA5E /* Pods-Marumaru.release.xcconfig */,
				0351C515D0459645E7176C2E /* Pods-Marumaru-MarumaruUITests.debug.xcconfig */,
				E11FEB8A3320B8F6AE28D3CF /* Pods-Marumaru-MarumaruUITests.release.xcconfig */,
				684FD373C658CE5C97795F16 /* Pods-MarumaruTests.debug.xcconfig */,
				CBF5F0663AC807DAABBC8E8E /* Pods-MarumaruTests.release.xcconfig */,
			);
			path = Pods;
			sourceTree = "<group>";
		};
		5E3355CE98EDEF79C6677866 /* Frameworks */ = {
			isa = PBXGroup;
			children = (
				2A07D4BE364E8F36F40EE39A /* Pods_Marumaru.framework */,
				FD62ECFA81A16F514E3C7E2F /* Pods_Marumaru_MarumaruUITests.framework */,
				608A2B42CDCB73F327345482 /* Pods_MarumaruTests.framework */,
			);
			name = Frameworks;
			sourceTree = "<group>";
		};
		765A0FC326BED7ED005DDD8B /* Storyboards */ = {
			isa = PBXGroup;
			children = (
				8E83DAD02842058F00C0A10B /* Main.storyboard */,
				8ECAB66128390F6B008E531D /* WatchHistory.storyboard */,
				8ECAB663283910F3008E531D /* SearchComic.storyboard */,
				8ECAB665283911F3008E531D /* ComicDetail.storyboard */,
				8EA6B5B628392BA70019B590 /* ComicStrip.storyboard */,
				8EA6B5B828392BD30019B590 /* PopOverComicEpisode.storyboard */,
				8E41467928439D6E0005BCFD /* SearchHistory.storyboard */,
				8E41467D28439DA20005BCFD /* SearchResult.storyboard */,
			);
			name = Storyboards;
			sourceTree = "<group>";
		};
		765C8B1C261CA2C30056C83B = {
			isa = PBXGroup;
			children = (
				765C8B27261CA2C30056C83B /* Marumaru */,
				765C8B41261CA2C50056C83B /* MarumaruTests */,
				765C8B4C261CA2C50056C83B /* MarumaruUITests */,
				765C8B26261CA2C30056C83B /* Products */,
				5A67613C88A4F68AD84818F9 /* Pods */,
				5E3355CE98EDEF79C6677866 /* Frameworks */,
			);
			sourceTree = "<group>";
		};
		765C8B26261CA2C30056C83B /* Products */ = {
			isa = PBXGroup;
			children = (
				765C8B25261CA2C30056C83B /* Marumaru.app */,
				765C8B3E261CA2C50056C83B /* MarumaruTests.xctest */,
				765C8B49261CA2C50056C83B /* MarumaruUITests.xctest */,
			);
			name = Products;
			sourceTree = "<group>";
		};
		765C8B27261CA2C30056C83B /* Marumaru */ = {
			isa = PBXGroup;
			children = (
				8E88515927A93E7400126701 /* Sources */,
				8E88515A27A93E8000126701 /* Resources */,
			);
			path = Marumaru;
			sourceTree = "<group>";
		};
		765C8B41261CA2C50056C83B /* MarumaruTests */ = {
			isa = PBXGroup;
			children = (
				765C8B42261CA2C50056C83B /* MarumaruAPITests.swift */,
				765C8B44261CA2C50056C83B /* Info.plist */,
			);
			path = MarumaruTests;
			sourceTree = "<group>";
		};
		765C8B4C261CA2C50056C83B /* MarumaruUITests */ = {
			isa = PBXGroup;
			children = (
				765C8B4D261CA2C50056C83B /* MarumaruUITests.swift */,
				765C8B4F261CA2C50056C83B /* Info.plist */,
			);
			path = MarumaruUITests;
			sourceTree = "<group>";
		};
		765C8C81261F1AA10056C83B /* Cells */ = {
			isa = PBXGroup;
			children = (
				765C8C77261F192C0056C83B /* ComicEpisodeThumbnailTableCell.swift */,
				7684F3E826CB5F6A0012BD8E /* ComicEpisodeThumbnailTableCell.xib */,
				76BEEBAF2624B64E00642001 /* ComicThumbnailCollectionCell.swift */,
				7684F3E026CAA49F0012BD8E /* ComicThumbnailCollectionCell.xib */,
				8EBCD0EF27AAAB8300BEE157 /* ComicRankTableCell.swift */,
				8EBCD0F027AAAB8300BEE157 /* ComicRankTableCell.xib */,
				49561FB826DCE0AC00FEE026 /* FlexibleSceneScrollViewCell.swift */,
				7641C3AE2646826100A79A79 /* PopOverComicEpisodeTableCell.swift */,
				8E3192C9283A15B900C350F9 /* PopOverComicEpisodeTableCell.xib */,
				8EAFD06A283CAA2500FD569F /* SearchResultComicCollectionCell.swift */,
				8EAFD06B283CAA2500FD569F /* SearchResultComicCollectionCell.xib */,
				8E41467528439AFF0005BCFD /* SearchHistoryCollectionCell.swift */,
				8E41467628439AFF0005BCFD /* SearchHistoryCollectionCell.xib */,
				8E553E7128461D7700B7F5BC /* DescriptionHeaderReusableView.swift */,
				8E553E7228461D7700B7F5BC /* DescriptionHeaderReusableView.xib */,
				8E553E772846305A00B7F5BC /* SingleButtonFooterReusableView.swift */,
				8E553E782846305A00B7F5BC /* SingleButtonFooterReusableView.xib */,
			);
			name = Cells;
			sourceTree = "<group>";
		};
		7684F3D326C61D770012BD8E /* Services */ = {
			isa = PBXGroup;
			children = (
				76C9A1B82631BC7F000F801C /* MarumaruApiService.swift */,
				8E1569852847AEF800BF1008 /* ImageSessionManager.swift */,
				76C9A2792636A842000F801C /* WatchHistoryManager.swift */,
				8E414673284398770005BCFD /* SearchHistoryManager.swift */,
			);
			name = Services;
			sourceTree = "<group>";
		};
		76937C572657923900D36C45 /* Models */ = {
			isa = PBXGroup;
			children = (
				76F9129C26CF6FAE00B39BE7 /* WatchHistory.swift */,
				76F912EA26CFFE9700B39BE7 /* ComicStripScene.swift */,
				8E414671284397E20005BCFD /* SearchHistory.swift */,
				7684F3D126C61B890012BD8E /* ImageCache.swift */,
				7684F3EB26CB6BBA0012BD8E /* ComicInfo.swift */,
				76F912E826CFDFA000B39BE7 /* ComicEpisode.swift */,
				7641C3B22646874300A79A79 /* EpisodeItem.swift */,
			);
			name = Models;
			sourceTree = "<group>";
		};
		76937C592657925300D36C45 /* Views */ = {
			isa = PBXGroup;
			children = (
				49C63E4326D59202004E576F /* FlexibleSceneScrollView.swift */,
				8E3A896527AB9FB00014303D /* TagLabel.swift */,
				8E87CE6127ACEAD0008CD9C9 /* WatchHistoryCollectionReusableView.swift */,
				8ED56F3327AEFBAA00E78A8A /* ThumbnailView.swift */,
				765C8C81261F1AA10056C83B /* Cells */,
				765A0FC326BED7ED005DDD8B /* Storyboards */,
				8E4FFE1F2844F0AB00A7ED7B /* LottieAnimationView.swift */,
			);
			name = Views;
			sourceTree = "<group>";
		};
		76BEEB4B2622D80000642001 /* LottieAnimations */ = {
			isa = PBXGroup;
			children = (
				8E41466D284394AA0005BCFD /* coming_soon.json */,
				8E4FFE1B2844F04B00A7ED7B /* eyes_blinking.json */,
				8E4FFE1C2844F04B00A7ED7B /* fire_burning.json */,
				8E4FFE212844F6B600A7ED7B /* trophy.json */,
				8E442E822846A02A009A7E8D /* Cats */,
			);
			name = LottieAnimations;
			sourceTree = "<group>";
		};
		76C9A20426356C08000F801C /* Controllers */ = {
			isa = PBXGroup;
			children = (
				8E9213402839491B001B33A9 /* ViewModelInjectable.swift */,
				8E319308283B540900C350F9 /* BaseViewController.swift */,
				8EAFD068283B78B700FD569F /* MainTabBarController.swift */,
				765C8B2C261CA2C30056C83B /* MainViewController.swift */,
				76BEEBA826248A1600642001 /* SearchComicViewController.swift */,
				764AE0E1262DA971000F490D /* WatchHistoryViewController.swift */,
				765C8C67261F05BD0056C83B /* ComicDetailViewController.swift */,
				765C8C6C261F16880056C83B /* ComicStripViewController.swift */,
				7641C3B0264682B900A79A79 /* PopOverComicEpisodeViewController.swift */,
				8E41466F284394DF0005BCFD /* ComingSoonViewController.swift */,
				8E41467B28439D880005BCFD /* SearchHistoryViewController.swift */,
				8E41467F28439DAE0005BCFD /* SearchResultViewController.swift */,
			);
			name = Controllers;
			sourceTree = "<group>";
		};
		8E442E822846A02A009A7E8D /* Cats */ = {
			isa = PBXGroup;
			children = (
				76F912F426D160FA00B39BE7 /* loading_cat_radial.json */,
				8E92C019283EA3E500E0CD82 /* rainbow_cat.json */,
				8E442E832846A039009A7E8D /* acrobatic_cat.json */,
				8E442E862846A039009A7E8D /* bubble_tea_cat.json */,
				8E442E842846A039009A7E8D /* lying_cat.json */,
				8E442E852846A039009A7E8D /* sleeping_cat.json */,
			);
			name = Cats;
			sourceTree = "<group>";
		};
		8E88515927A93E7400126701 /* Sources */ = {
			isa = PBXGroup;
			children = (
				765C8B28261CA2C30056C83B /* AppDelegate.swift */,
				765C8B2A261CA2C30056C83B /* SceneDelegate.swift */,
				7684F3D326C61D770012BD8E /* Services */,
				76937C572657923900D36C45 /* Models */,
				8EFCD0E82840DB2500685503 /* Sections */,
				76937C592657925300D36C45 /* Views */,
				76C9A20426356C08000F801C /* Controllers */,
				8E88515C27A9400800126701 /* ViewModel */,
				8EA6B5B528392B790019B590 /* Utils */,
				8E88515B27A93E8A00126701 /* SupportingFiles */,
			);
			name = Sources;
			sourceTree = "<group>";
		};
		8E88515A27A93E8000126701 /* Resources */ = {
			isa = PBXGroup;
			children = (
				76BEEB4B2622D80000642001 /* LottieAnimations */,
				765C8B34261CA2C50056C83B /* Assets.xcassets */,
				765C8B36261CA2C50056C83B /* LaunchScreen.storyboard */,
				8E41465C28437E490005BCFD /* Localizable.strings */,
			);
			name = Resources;
			sourceTree = "<group>";
		};
		8E88515B27A93E8A00126701 /* SupportingFiles */ = {
			isa = PBXGroup;
			children = (
				8E8851A127A9534600126701 /* R.generated.swift */,
				8E88519E27A952A900126701 /* .swiftlint.yml */,
				765C8B39261CA2C50056C83B /* Info.plist */,
			);
			name = SupportingFiles;
			sourceTree = "<group>";
		};
		8E88515C27A9400800126701 /* ViewModel */ = {
			isa = PBXGroup;
			children = (
				8E553E6D2845CF0F00B7F5BC /* MarumaruApiServiceViewModel.swift */,
				8E3C72FA27A983EC00F057DA /* MainViewModel.swift */,
				8ED2466127AAC82B00226F2D /* SearchComicViewModel.swift */,
				8E8D381A27ABA4C700E82FE2 /* ComicDetailViewModel.swift */,
				8E8D381C27ABD56600E82FE2 /* ComicStripViewModel.swift */,
				8E662DEA27AC2FF40048BF39 /* WatchHistoryViewModel.swift */,
				8E662DE827AC2C3E0048BF39 /* FlexibleSceneScrollViewCellModel.swift */,
				8ED56F2F27ADACD000E78A8A /* ComicEpisodePopOverViewModel.swift */,
				8E4146832843BBE50005BCFD /* SearchHistoryViewModel.swift */,
				8E41468128439ED00005BCFD /* SearchResultViewModel.swift */,
			);
			name = ViewModel;
			sourceTree = "<group>";
		};
		8EA6B5B528392B790019B590 /* Utils */ = {
			isa = PBXGroup;
			children = (
				8ED56F3527AEFCB300E78A8A /* UIColor+HEX.swift */,
				8ED56F3727AEFDD400E78A8A /* UIView+Animation.swift */,
				8E82D73E27B25701008230BE /* UIView+Insets.swift */,
				8ED56F3127AEFA7F00E78A8A /* UIImage+AverageColor.swift */,
				8EAFD06E283CC14300FD569F /* UILabel+BackgroundHighlighter.swift */,
				8E92C02B283F68ED00E0CD82 /* UIView+LottieAnimation.swift */,
				8EFCD0E628408A3A00685503 /* UIView+StickyLabel.swift */,
				8EFCD0EB2841F0E600685503 /* Array+IsInBound.swift */,
				8E83DAD628426DBA00C0A10B /* UICollectionView+ScrollTo.swift */,
				8E83DADA28428E0C00C0A10B /* UIView+CustomAnimation.swift */,
				8E41465E284380120005BCFD /* String+Localizable.swift */,
				8E442E8028466B5F009A7E8D /* UILabe+Underline.swift */,
			);
			name = Utils;
			sourceTree = "<group>";
		};
		8EFCD0E82840DB2500685503 /* Sections */ = {
			isa = PBXGroup;
			children = (
				8EFCD0E92840DB3900685503 /* WatchHistorySection.swift */,
				8E553E6F2846132200B7F5BC /* SearchHistorySection.swift */,
				8E553E752846260C00B7F5BC /* SearchResultSection.swift */,
			);
			name = Sections;
			sourceTree = "<group>";
		};
/* End PBXGroup section */

/* Begin PBXNativeTarget section */
		765C8B24261CA2C30056C83B /* Marumaru */ = {
			isa = PBXNativeTarget;
			buildConfigurationList = 765C8B52261CA2C50056C83B /* Build configuration list for PBXNativeTarget "Marumaru" */;
			buildPhases = (
				A873EADD5677BFE0A531CC96 /* [CP] Check Pods Manifest.lock */,
				8E8851A027A9530300126701 /* R.Swift */,
				765C8B21261CA2C30056C83B /* Sources */,
				765C8B22261CA2C30056C83B /* Frameworks */,
				765C8B23261CA2C30056C83B /* Resources */,
				7684F3CE26C590A00012BD8E /* Swift Lint */,
				F3965C9AF129146ED25ECE9D /* [CP] Embed Pods Frameworks */,
			);
			buildRules = (
			);
			dependencies = (
			);
			name = Marumaru;
			productName = Marumaru;
			productReference = 765C8B25261CA2C30056C83B /* Marumaru.app */;
			productType = "com.apple.product-type.application";
		};
		765C8B3D261CA2C50056C83B /* MarumaruTests */ = {
			isa = PBXNativeTarget;
			buildConfigurationList = 765C8B55261CA2C50056C83B /* Build configuration list for PBXNativeTarget "MarumaruTests" */;
			buildPhases = (
				FB9E7DDC39050311CEB9F194 /* [CP] Check Pods Manifest.lock */,
				765C8B3A261CA2C50056C83B /* Sources */,
				765C8B3B261CA2C50056C83B /* Frameworks */,
				765C8B3C261CA2C50056C83B /* Resources */,
			);
			buildRules = (
			);
			dependencies = (
				765C8B40261CA2C50056C83B /* PBXTargetDependency */,
			);
			name = MarumaruTests;
			productName = MarumaruTests;
			productReference = 765C8B3E261CA2C50056C83B /* MarumaruTests.xctest */;
			productType = "com.apple.product-type.bundle.unit-test";
		};
		765C8B48261CA2C50056C83B /* MarumaruUITests */ = {
			isa = PBXNativeTarget;
			buildConfigurationList = 765C8B58261CA2C50056C83B /* Build configuration list for PBXNativeTarget "MarumaruUITests" */;
			buildPhases = (
				7F75AB42C5310063501A6801 /* [CP] Check Pods Manifest.lock */,
				765C8B45261CA2C50056C83B /* Sources */,
				765C8B46261CA2C50056C83B /* Frameworks */,
				765C8B47261CA2C50056C83B /* Resources */,
				FDFC877A4C441D391AFA55A4 /* [CP] Embed Pods Frameworks */,
			);
			buildRules = (
			);
			dependencies = (
				765C8B4B261CA2C50056C83B /* PBXTargetDependency */,
			);
			name = MarumaruUITests;
			productName = MarumaruUITests;
			productReference = 765C8B49261CA2C50056C83B /* MarumaruUITests.xctest */;
			productType = "com.apple.product-type.bundle.ui-testing";
		};
/* End PBXNativeTarget section */

/* Begin PBXProject section */
		765C8B1D261CA2C30056C83B /* Project object */ = {
			isa = PBXProject;
			attributes = {
				LastSwiftUpdateCheck = 1240;
				LastUpgradeCheck = 1240;
				TargetAttributes = {
					765C8B24261CA2C30056C83B = {
						CreatedOnToolsVersion = 12.4;
					};
					765C8B3D261CA2C50056C83B = {
						CreatedOnToolsVersion = 12.4;
						TestTargetID = 765C8B24261CA2C30056C83B;
					};
					765C8B48261CA2C50056C83B = {
						CreatedOnToolsVersion = 12.4;
						TestTargetID = 765C8B24261CA2C30056C83B;
					};
				};
			};
			buildConfigurationList = 765C8B20261CA2C30056C83B /* Build configuration list for PBXProject "Marumaru" */;
			compatibilityVersion = "Xcode 9.3";
			developmentRegion = en;
			hasScannedForEncodings = 0;
			knownRegions = (
				en,
				Base,
			);
			mainGroup = 765C8B1C261CA2C30056C83B;
			productRefGroup = 765C8B26261CA2C30056C83B /* Products */;
			projectDirPath = "";
			projectRoot = "";
			targets = (
				765C8B24261CA2C30056C83B /* Marumaru */,
				765C8B3D261CA2C50056C83B /* MarumaruTests */,
				765C8B48261CA2C50056C83B /* MarumaruUITests */,
			);
		};
/* End PBXProject section */

/* Begin PBXResourcesBuildPhase section */
		765C8B23261CA2C30056C83B /* Resources */ = {
			isa = PBXResourcesBuildPhase;
			buildActionMask = 2147483647;
			files = (
				8E553E7A2846305A00B7F5BC /* SingleButtonFooterReusableView.xib in Resources */,
				8E442E872846A039009A7E8D /* acrobatic_cat.json in Resources */,
				8E41465D28437E490005BCFD /* Localizable.strings in Resources */,
				76F912F526D160FA00B39BE7 /* loading_cat_radial.json in Resources */,
				765C8B38261CA2C50056C83B /* LaunchScreen.storyboard in Resources */,
				8E4FFE1D2844F04B00A7ED7B /* eyes_blinking.json in Resources */,
				8E4FFE1E2844F04B00A7ED7B /* fire_burning.json in Resources */,
				8E553E7428461D7700B7F5BC /* DescriptionHeaderReusableView.xib in Resources */,
				8E3192CB283A15B900C350F9 /* PopOverComicEpisodeTableCell.xib in Resources */,
				765C8B35261CA2C50056C83B /* Assets.xcassets in Resources */,
				8ECAB664283910F3008E531D /* SearchComic.storyboard in Resources */,
				8E442E892846A039009A7E8D /* sleeping_cat.json in Resources */,
				7684F3E226CAA49F0012BD8E /* ComicThumbnailCollectionCell.xib in Resources */,
				8E442E882846A039009A7E8D /* lying_cat.json in Resources */,
				8EA6B5B928392BD30019B590 /* PopOverComicEpisode.storyboard in Resources */,
				7684F3EA26CB5F6A0012BD8E /* ComicEpisodeThumbnailTableCell.xib in Resources */,
				8EA6B5B728392BA70019B590 /* ComicStrip.storyboard in Resources */,
				8EAFD06D283CAA2500FD569F /* SearchResultComicCollectionCell.xib in Resources */,
				8E92C01A283EA3E500E0CD82 /* rainbow_cat.json in Resources */,
				8ECAB666283911F3008E531D /* ComicDetail.storyboard in Resources */,
				8EBCD0F227AAAB8300BEE157 /* ComicRankTableCell.xib in Resources */,
				8E83DAD12842058F00C0A10B /* Main.storyboard in Resources */,
				8E4FFE222844F6B600A7ED7B /* trophy.json in Resources */,
				8ECAB66228390F6B008E531D /* WatchHistory.storyboard in Resources */,
				8E41467E28439DA20005BCFD /* SearchResult.storyboard in Resources */,
				8E88519F27A952A900126701 /* .swiftlint.yml in Resources */,
				8E41466E284394AA0005BCFD /* coming_soon.json in Resources */,
				8E41467828439AFF0005BCFD /* SearchHistoryCollectionCell.xib in Resources */,
				8E41467A28439D6E0005BCFD /* SearchHistory.storyboard in Resources */,
				8E442E8A2846A039009A7E8D /* bubble_tea_cat.json in Resources */,
			);
			runOnlyForDeploymentPostprocessing = 0;
		};
		765C8B3C261CA2C50056C83B /* Resources */ = {
			isa = PBXResourcesBuildPhase;
			buildActionMask = 2147483647;
			files = (
			);
			runOnlyForDeploymentPostprocessing = 0;
		};
		765C8B47261CA2C50056C83B /* Resources */ = {
			isa = PBXResourcesBuildPhase;
			buildActionMask = 2147483647;
			files = (
			);
			runOnlyForDeploymentPostprocessing = 0;
		};
/* End PBXResourcesBuildPhase section */

/* Begin PBXShellScriptBuildPhase section */
		7684F3CE26C590A00012BD8E /* Swift Lint */ = {
			isa = PBXShellScriptBuildPhase;
			buildActionMask = 2147483647;
			files = (
			);
			inputFileListPaths = (
			);
			inputPaths = (
			);
			name = "Swift Lint";
			outputFileListPaths = (
			);
			outputPaths = (
			);
			runOnlyForDeploymentPostprocessing = 0;
			shellPath = /bin/sh;
			shellScript = "${PODS_ROOT}/SwiftLint/swiftlint\n";
		};
		7F75AB42C5310063501A6801 /* [CP] Check Pods Manifest.lock */ = {
			isa = PBXShellScriptBuildPhase;
			buildActionMask = 2147483647;
			files = (
			);
			inputFileListPaths = (
			);
			inputPaths = (
				"${PODS_PODFILE_DIR_PATH}/Podfile.lock",
				"${PODS_ROOT}/Manifest.lock",
			);
			name = "[CP] Check Pods Manifest.lock";
			outputFileListPaths = (
			);
			outputPaths = (
				"$(DERIVED_FILE_DIR)/Pods-Marumaru-MarumaruUITests-checkManifestLockResult.txt",
			);
			runOnlyForDeploymentPostprocessing = 0;
			shellPath = /bin/sh;
			shellScript = "diff \"${PODS_PODFILE_DIR_PATH}/Podfile.lock\" \"${PODS_ROOT}/Manifest.lock\" > /dev/null\nif [ $? != 0 ] ; then\n    # print error to STDERR\n    echo \"error: The sandbox is not in sync with the Podfile.lock. Run 'pod install' or update your CocoaPods installation.\" >&2\n    exit 1\nfi\n# This output is used by Xcode 'outputs' to avoid re-running this script phase.\necho \"SUCCESS\" > \"${SCRIPT_OUTPUT_FILE_0}\"\n";
			showEnvVarsInLog = 0;
		};
		8E8851A027A9530300126701 /* R.Swift */ = {
			isa = PBXShellScriptBuildPhase;
			alwaysOutOfDate = 1;
			buildActionMask = 2147483647;
			files = (
			);
			inputFileListPaths = (
			);
			inputPaths = (
			);
			name = R.Swift;
			outputFileListPaths = (
			);
			outputPaths = (
				$SRCROOT/R.generated.swift,
			);
			runOnlyForDeploymentPostprocessing = 0;
			shellPath = /bin/sh;
			shellScript = "\"$PODS_ROOT/R.swift/rswift\" generate \"$SRCROOT/R.generated.swift\"\n";
		};
		A873EADD5677BFE0A531CC96 /* [CP] Check Pods Manifest.lock */ = {
			isa = PBXShellScriptBuildPhase;
			buildActionMask = 2147483647;
			files = (
			);
			inputFileListPaths = (
			);
			inputPaths = (
				"${PODS_PODFILE_DIR_PATH}/Podfile.lock",
				"${PODS_ROOT}/Manifest.lock",
			);
			name = "[CP] Check Pods Manifest.lock";
			outputFileListPaths = (
			);
			outputPaths = (
				"$(DERIVED_FILE_DIR)/Pods-Marumaru-checkManifestLockResult.txt",
			);
			runOnlyForDeploymentPostprocessing = 0;
			shellPath = /bin/sh;
			shellScript = "diff \"${PODS_PODFILE_DIR_PATH}/Podfile.lock\" \"${PODS_ROOT}/Manifest.lock\" > /dev/null\nif [ $? != 0 ] ; then\n    # print error to STDERR\n    echo \"error: The sandbox is not in sync with the Podfile.lock. Run 'pod install' or update your CocoaPods installation.\" >&2\n    exit 1\nfi\n# This output is used by Xcode 'outputs' to avoid re-running this script phase.\necho \"SUCCESS\" > \"${SCRIPT_OUTPUT_FILE_0}\"\n";
			showEnvVarsInLog = 0;
		};
		F3965C9AF129146ED25ECE9D /* [CP] Embed Pods Frameworks */ = {
			isa = PBXShellScriptBuildPhase;
			buildActionMask = 2147483647;
			files = (
			);
			inputFileListPaths = (
				"${PODS_ROOT}/Target Support Files/Pods-Marumaru/Pods-Marumaru-frameworks-${CONFIGURATION}-input-files.xcfilelist",
			);
			name = "[CP] Embed Pods Frameworks";
			outputFileListPaths = (
				"${PODS_ROOT}/Target Support Files/Pods-Marumaru/Pods-Marumaru-frameworks-${CONFIGURATION}-output-files.xcfilelist",
			);
			runOnlyForDeploymentPostprocessing = 0;
			shellPath = /bin/sh;
			shellScript = "\"${PODS_ROOT}/Target Support Files/Pods-Marumaru/Pods-Marumaru-frameworks.sh\"\n";
			showEnvVarsInLog = 0;
		};
		FB9E7DDC39050311CEB9F194 /* [CP] Check Pods Manifest.lock */ = {
			isa = PBXShellScriptBuildPhase;
			buildActionMask = 2147483647;
			files = (
			);
			inputFileListPaths = (
			);
			inputPaths = (
				"${PODS_PODFILE_DIR_PATH}/Podfile.lock",
				"${PODS_ROOT}/Manifest.lock",
			);
			name = "[CP] Check Pods Manifest.lock";
			outputFileListPaths = (
			);
			outputPaths = (
				"$(DERIVED_FILE_DIR)/Pods-MarumaruTests-checkManifestLockResult.txt",
			);
			runOnlyForDeploymentPostprocessing = 0;
			shellPath = /bin/sh;
			shellScript = "diff \"${PODS_PODFILE_DIR_PATH}/Podfile.lock\" \"${PODS_ROOT}/Manifest.lock\" > /dev/null\nif [ $? != 0 ] ; then\n    # print error to STDERR\n    echo \"error: The sandbox is not in sync with the Podfile.lock. Run 'pod install' or update your CocoaPods installation.\" >&2\n    exit 1\nfi\n# This output is used by Xcode 'outputs' to avoid re-running this script phase.\necho \"SUCCESS\" > \"${SCRIPT_OUTPUT_FILE_0}\"\n";
			showEnvVarsInLog = 0;
		};
		FDFC877A4C441D391AFA55A4 /* [CP] Embed Pods Frameworks */ = {
			isa = PBXShellScriptBuildPhase;
			buildActionMask = 2147483647;
			files = (
			);
			inputFileListPaths = (
				"${PODS_ROOT}/Target Support Files/Pods-Marumaru-MarumaruUITests/Pods-Marumaru-MarumaruUITests-frameworks-${CONFIGURATION}-input-files.xcfilelist",
			);
			name = "[CP] Embed Pods Frameworks";
			outputFileListPaths = (
				"${PODS_ROOT}/Target Support Files/Pods-Marumaru-MarumaruUITests/Pods-Marumaru-MarumaruUITests-frameworks-${CONFIGURATION}-output-files.xcfilelist",
			);
			runOnlyForDeploymentPostprocessing = 0;
			shellPath = /bin/sh;
			shellScript = "\"${PODS_ROOT}/Target Support Files/Pods-Marumaru-MarumaruUITests/Pods-Marumaru-MarumaruUITests-frameworks.sh\"\n";
			showEnvVarsInLog = 0;
		};
/* End PBXShellScriptBuildPhase section */

/* Begin PBXSourcesBuildPhase section */
		765C8B21261CA2C30056C83B /* Sources */ = {
			isa = PBXSourcesBuildPhase;
			buildActionMask = 2147483647;
			files = (
				8E553E7328461D7700B7F5BC /* DescriptionHeaderReusableView.swift in Sources */,
				8E3C72FB27A983EC00F057DA /* MainViewModel.swift in Sources */,
				8ED2466227AAC82B00226F2D /* SearchComicViewModel.swift in Sources */,
				76F9129D26CF6FAE00B39BE7 /* WatchHistory.swift in Sources */,
				765C8C68261F05BD0056C83B /* ComicDetailViewController.swift in Sources */,
				8E41467C28439D880005BCFD /* SearchHistoryViewController.swift in Sources */,
				8ED56F3027ADACD000E78A8A /* ComicEpisodePopOverViewModel.swift in Sources */,
				76BEEBA926248A1600642001 /* SearchComicViewController.swift in Sources */,
				8E442E8128466B5F009A7E8D /* UILabe+Underline.swift in Sources */,
				8E87CE6227ACEAD0008CD9C9 /* WatchHistoryCollectionReusableView.swift in Sources */,
				8E41467728439AFF0005BCFD /* SearchHistoryCollectionCell.swift in Sources */,
				8ED56F3627AEFCB300E78A8A /* UIColor+HEX.swift in Sources */,
				8E414674284398770005BCFD /* SearchHistoryManager.swift in Sources */,
				76C9A27A2636A843000F801C /* WatchHistoryManager.swift in Sources */,
				8E9213412839491B001B33A9 /* ViewModelInjectable.swift in Sources */,
				765C8C78261F192C0056C83B /* ComicEpisodeThumbnailTableCell.swift in Sources */,
				8EAFD06C283CAA2500FD569F /* SearchResultComicCollectionCell.swift in Sources */,
				8E41468028439DAE0005BCFD /* SearchResultViewController.swift in Sources */,
				8EFCD0E728408A3A00685503 /* UIView+StickyLabel.swift in Sources */,
				8E8851A227A9534600126701 /* R.generated.swift in Sources */,
				76F912EB26CFFE9700B39BE7 /* ComicStripScene.swift in Sources */,
				7684F3EC26CB6BBA0012BD8E /* ComicInfo.swift in Sources */,
				7684F3D226C61B890012BD8E /* ImageCache.swift in Sources */,
				8E662DEB27AC2FF40048BF39 /* WatchHistoryViewModel.swift in Sources */,
				76F912E926CFDFA100B39BE7 /* ComicEpisode.swift in Sources */,
				8E82D73F27B25701008230BE /* UIView+Insets.swift in Sources */,
				8EAFD06F283CC14300FD569F /* UILabel+BackgroundHighlighter.swift in Sources */,
				765C8B2D261CA2C30056C83B /* MainViewController.swift in Sources */,
				8E553E6E2845CF0F00B7F5BC /* MarumaruApiServiceViewModel.swift in Sources */,
				8E553E702846132200B7F5BC /* SearchHistorySection.swift in Sources */,
				8E553E762846260C00B7F5BC /* SearchResultSection.swift in Sources */,
				764AE0E2262DA971000F490D /* WatchHistoryViewController.swift in Sources */,
				8EFCD0EC2841F0E600685503 /* Array+IsInBound.swift in Sources */,
				49561FB926DCE0AC00FEE026 /* FlexibleSceneScrollViewCell.swift in Sources */,
				765C8B29261CA2C30056C83B /* AppDelegate.swift in Sources */,
				8E319309283B540900C350F9 /* BaseViewController.swift in Sources */,
				8E92C02C283F68ED00E0CD82 /* UIView+LottieAnimation.swift in Sources */,
				765C8B2B261CA2C30056C83B /* SceneDelegate.swift in Sources */,
				8E4FFE202844F0AB00A7ED7B /* LottieAnimationView.swift in Sources */,
				8E83DAD728426DBA00C0A10B /* UICollectionView+ScrollTo.swift in Sources */,
				76C9A1B92631BC7F000F801C /* MarumaruApiService.swift in Sources */,
				8E83DADB28428E0C00C0A10B /* UIView+CustomAnimation.swift in Sources */,
				8E8D381B27ABA4C700E82FE2 /* ComicDetailViewModel.swift in Sources */,
				8EBCD0F127AAAB8300BEE157 /* ComicRankTableCell.swift in Sources */,
				7641C3AF2646826100A79A79 /* PopOverComicEpisodeTableCell.swift in Sources */,
				7641C3B32646874300A79A79 /* EpisodeItem.swift in Sources */,
				76BEEBB02624B64E00642001 /* ComicThumbnailCollectionCell.swift in Sources */,
				8E414670284394DF0005BCFD /* ComingSoonViewController.swift in Sources */,
				8E8D381D27ABD56600E82FE2 /* ComicStripViewModel.swift in Sources */,
				8EAFD069283B78B700FD569F /* MainTabBarController.swift in Sources */,
				8ED56F3427AEFBAA00E78A8A /* ThumbnailView.swift in Sources */,
				8E1569862847AEF800BF1008 /* ImageSessionManager.swift in Sources */,
				8ED56F3827AEFDD400E78A8A /* UIView+Animation.swift in Sources */,
				8EFCD0EA2840DB3900685503 /* WatchHistorySection.swift in Sources */,
				8E414672284397E20005BCFD /* SearchHistory.swift in Sources */,
				8E41468228439ED00005BCFD /* SearchResultViewModel.swift in Sources */,
				8E553E792846305A00B7F5BC /* SingleButtonFooterReusableView.swift in Sources */,
				8E41465F284380120005BCFD /* String+Localizable.swift in Sources */,
				7641C3B1264682B900A79A79 /* PopOverComicEpisodeViewController.swift in Sources */,
				765C8C6D261F16880056C83B /* ComicStripViewController.swift in Sources */,
				8E662DE927AC2C3E0048BF39 /* FlexibleSceneScrollViewCellModel.swift in Sources */,
				49C63E4426D59202004E576F /* FlexibleSceneScrollView.swift in Sources */,
				8E3A896627AB9FB00014303D /* TagLabel.swift in Sources */,
				8ED56F3227AEFA7F00E78A8A /* UIImage+AverageColor.swift in Sources */,
				8E4146842843BBE50005BCFD /* SearchHistoryViewModel.swift in Sources */,
			);
			runOnlyForDeploymentPostprocessing = 0;
		};
		765C8B3A261CA2C50056C83B /* Sources */ = {
			isa = PBXSourcesBuildPhase;
			buildActionMask = 2147483647;
			files = (
				76BEEBB12624B64E00642001 /* ComicThumbnailCollectionCell.swift in Sources */,
				765C8B43261CA2C50056C83B /* MarumaruAPITests.swift in Sources */,
			);
			runOnlyForDeploymentPostprocessing = 0;
		};
		765C8B45261CA2C50056C83B /* Sources */ = {
			isa = PBXSourcesBuildPhase;
			buildActionMask = 2147483647;
			files = (
				76BEEBB22624B64E00642001 /* ComicThumbnailCollectionCell.swift in Sources */,
				765C8B4E261CA2C50056C83B /* MarumaruUITests.swift in Sources */,
			);
			runOnlyForDeploymentPostprocessing = 0;
		};
/* End PBXSourcesBuildPhase section */

/* Begin PBXTargetDependency section */
		765C8B40261CA2C50056C83B /* PBXTargetDependency */ = {
			isa = PBXTargetDependency;
			target = 765C8B24261CA2C30056C83B /* Marumaru */;
			targetProxy = 765C8B3F261CA2C50056C83B /* PBXContainerItemProxy */;
		};
		765C8B4B261CA2C50056C83B /* PBXTargetDependency */ = {
			isa = PBXTargetDependency;
			target = 765C8B24261CA2C30056C83B /* Marumaru */;
			targetProxy = 765C8B4A261CA2C50056C83B /* PBXContainerItemProxy */;
		};
/* End PBXTargetDependency section */

/* Begin PBXVariantGroup section */
		765C8B36261CA2C50056C83B /* LaunchScreen.storyboard */ = {
			isa = PBXVariantGroup;
			children = (
				765C8B37261CA2C50056C83B /* Base */,
			);
			name = LaunchScreen.storyboard;
			sourceTree = "<group>";
		};
/* End PBXVariantGroup section */

/* Begin XCBuildConfiguration section */
		765C8B50261CA2C50056C83B /* Debug */ = {
			isa = XCBuildConfiguration;
			buildSettings = {
				ALWAYS_SEARCH_USER_PATHS = NO;
				CLANG_ANALYZER_LOCALIZABILITY_NONLOCALIZED = YES;
				CLANG_ANALYZER_NONNULL = YES;
				CLANG_ANALYZER_NUMBER_OBJECT_CONVERSION = YES_AGGRESSIVE;
				CLANG_CXX_LANGUAGE_STANDARD = "gnu++14";
				CLANG_CXX_LIBRARY = "libc++";
				CLANG_ENABLE_MODULES = YES;
				CLANG_ENABLE_OBJC_ARC = YES;
				CLANG_ENABLE_OBJC_WEAK = YES;
				CLANG_WARN_BLOCK_CAPTURE_AUTORELEASING = YES;
				CLANG_WARN_BOOL_CONVERSION = YES;
				CLANG_WARN_COMMA = YES;
				CLANG_WARN_CONSTANT_CONVERSION = YES;
				CLANG_WARN_DEPRECATED_OBJC_IMPLEMENTATIONS = YES;
				CLANG_WARN_DIRECT_OBJC_ISA_USAGE = YES_ERROR;
				CLANG_WARN_DOCUMENTATION_COMMENTS = YES;
				CLANG_WARN_EMPTY_BODY = YES;
				CLANG_WARN_ENUM_CONVERSION = YES;
				CLANG_WARN_INFINITE_RECURSION = YES;
				CLANG_WARN_INT_CONVERSION = YES;
				CLANG_WARN_NON_LITERAL_NULL_CONVERSION = YES;
				CLANG_WARN_OBJC_IMPLICIT_RETAIN_SELF = YES;
				CLANG_WARN_OBJC_LITERAL_CONVERSION = YES;
				CLANG_WARN_OBJC_ROOT_CLASS = YES_ERROR;
				CLANG_WARN_QUOTED_INCLUDE_IN_FRAMEWORK_HEADER = YES;
				CLANG_WARN_RANGE_LOOP_ANALYSIS = YES;
				CLANG_WARN_STRICT_PROTOTYPES = YES;
				CLANG_WARN_SUSPICIOUS_MOVE = YES;
				CLANG_WARN_UNGUARDED_AVAILABILITY = YES_AGGRESSIVE;
				CLANG_WARN_UNREACHABLE_CODE = YES;
				CLANG_WARN__DUPLICATE_METHOD_MATCH = YES;
				COPY_PHASE_STRIP = NO;
				DEBUG_INFORMATION_FORMAT = dwarf;
				ENABLE_STRICT_OBJC_MSGSEND = YES;
				ENABLE_TESTABILITY = YES;
				GCC_C_LANGUAGE_STANDARD = gnu11;
				GCC_DYNAMIC_NO_PIC = NO;
				GCC_NO_COMMON_BLOCKS = YES;
				GCC_OPTIMIZATION_LEVEL = 0;
				GCC_PREPROCESSOR_DEFINITIONS = (
					"DEBUG=1",
					"$(inherited)",
				);
				GCC_WARN_64_TO_32_BIT_CONVERSION = YES;
				GCC_WARN_ABOUT_RETURN_TYPE = YES_ERROR;
				GCC_WARN_UNDECLARED_SELECTOR = YES;
				GCC_WARN_UNINITIALIZED_AUTOS = YES_AGGRESSIVE;
				GCC_WARN_UNUSED_FUNCTION = YES;
				GCC_WARN_UNUSED_VARIABLE = YES;
				IPHONEOS_DEPLOYMENT_TARGET = 14.4;
				MTL_ENABLE_DEBUG_INFO = INCLUDE_SOURCE;
				MTL_FAST_MATH = YES;
				ONLY_ACTIVE_ARCH = YES;
				SDKROOT = iphoneos;
				SWIFT_ACTIVE_COMPILATION_CONDITIONS = DEBUG;
				SWIFT_OPTIMIZATION_LEVEL = "-Onone";
			};
			name = Debug;
		};
		765C8B51261CA2C50056C83B /* Release */ = {
			isa = XCBuildConfiguration;
			buildSettings = {
				ALWAYS_SEARCH_USER_PATHS = NO;
				CLANG_ANALYZER_LOCALIZABILITY_NONLOCALIZED = YES;
				CLANG_ANALYZER_NONNULL = YES;
				CLANG_ANALYZER_NUMBER_OBJECT_CONVERSION = YES_AGGRESSIVE;
				CLANG_CXX_LANGUAGE_STANDARD = "gnu++14";
				CLANG_CXX_LIBRARY = "libc++";
				CLANG_ENABLE_MODULES = YES;
				CLANG_ENABLE_OBJC_ARC = YES;
				CLANG_ENABLE_OBJC_WEAK = YES;
				CLANG_WARN_BLOCK_CAPTURE_AUTORELEASING = YES;
				CLANG_WARN_BOOL_CONVERSION = YES;
				CLANG_WARN_COMMA = YES;
				CLANG_WARN_CONSTANT_CONVERSION = YES;
				CLANG_WARN_DEPRECATED_OBJC_IMPLEMENTATIONS = YES;
				CLANG_WARN_DIRECT_OBJC_ISA_USAGE = YES_ERROR;
				CLANG_WARN_DOCUMENTATION_COMMENTS = YES;
				CLANG_WARN_EMPTY_BODY = YES;
				CLANG_WARN_ENUM_CONVERSION = YES;
				CLANG_WARN_INFINITE_RECURSION = YES;
				CLANG_WARN_INT_CONVERSION = YES;
				CLANG_WARN_NON_LITERAL_NULL_CONVERSION = YES;
				CLANG_WARN_OBJC_IMPLICIT_RETAIN_SELF = YES;
				CLANG_WARN_OBJC_LITERAL_CONVERSION = YES;
				CLANG_WARN_OBJC_ROOT_CLASS = YES_ERROR;
				CLANG_WARN_QUOTED_INCLUDE_IN_FRAMEWORK_HEADER = YES;
				CLANG_WARN_RANGE_LOOP_ANALYSIS = YES;
				CLANG_WARN_STRICT_PROTOTYPES = YES;
				CLANG_WARN_SUSPICIOUS_MOVE = YES;
				CLANG_WARN_UNGUARDED_AVAILABILITY = YES_AGGRESSIVE;
				CLANG_WARN_UNREACHABLE_CODE = YES;
				CLANG_WARN__DUPLICATE_METHOD_MATCH = YES;
				COPY_PHASE_STRIP = NO;
				DEBUG_INFORMATION_FORMAT = "dwarf-with-dsym";
				ENABLE_NS_ASSERTIONS = NO;
				ENABLE_STRICT_OBJC_MSGSEND = YES;
				GCC_C_LANGUAGE_STANDARD = gnu11;
				GCC_NO_COMMON_BLOCKS = YES;
				GCC_WARN_64_TO_32_BIT_CONVERSION = YES;
				GCC_WARN_ABOUT_RETURN_TYPE = YES_ERROR;
				GCC_WARN_UNDECLARED_SELECTOR = YES;
				GCC_WARN_UNINITIALIZED_AUTOS = YES_AGGRESSIVE;
				GCC_WARN_UNUSED_FUNCTION = YES;
				GCC_WARN_UNUSED_VARIABLE = YES;
				IPHONEOS_DEPLOYMENT_TARGET = 14.4;
				MTL_ENABLE_DEBUG_INFO = NO;
				MTL_FAST_MATH = YES;
				SDKROOT = iphoneos;
				SWIFT_COMPILATION_MODE = wholemodule;
				SWIFT_OPTIMIZATION_LEVEL = "-O";
				VALIDATE_PRODUCT = YES;
			};
			name = Release;
		};
		765C8B53261CA2C50056C83B /* Debug */ = {
			isa = XCBuildConfiguration;
			baseConfigurationReference = E8EC5D9AAD7559EF84E69CCB /* Pods-Marumaru.debug.xcconfig */;
			buildSettings = {
				ASSETCATALOG_COMPILER_APPICON_NAME = AppIcon;
				ASSETCATALOG_COMPILER_GLOBAL_ACCENT_COLOR_NAME = AccentColor;
				CODE_SIGN_IDENTITY = "Apple Development";
				CODE_SIGN_STYLE = Automatic;
				CURRENT_PROJECT_VERSION = 3;
				DEVELOPMENT_TEAM = 497P4L97SV;
				INFOPLIST_FILE = Marumaru/Info.plist;
				IPHONEOS_DEPLOYMENT_TARGET = 13.0;
				LD_RUNPATH_SEARCH_PATHS = (
					"$(inherited)",
					"@executable_path/Frameworks",
				);
				MARKETING_VERSION = 1.0.1;
				PRODUCT_BUNDLE_IDENTIFIER = MuffinLabs.Marumaru;
				PRODUCT_NAME = "$(TARGET_NAME)";
				PROVISIONING_PROFILE_SPECIFIER = "";
				SWIFT_VERSION = 5.0;
				TARGETED_DEVICE_FAMILY = "1,2";
			};
			name = Debug;
		};
		765C8B54261CA2C50056C83B /* Release */ = {
			isa = XCBuildConfiguration;
			baseConfigurationReference = 1C8C0B6288C577F0D199AA5E /* Pods-Marumaru.release.xcconfig */;
			buildSettings = {
				ASSETCATALOG_COMPILER_APPICON_NAME = AppIcon;
				ASSETCATALOG_COMPILER_GLOBAL_ACCENT_COLOR_NAME = AccentColor;
				CODE_SIGN_IDENTITY = "Apple Development";
				CODE_SIGN_STYLE = Automatic;
				CURRENT_PROJECT_VERSION = 3;
				DEVELOPMENT_TEAM = 497P4L97SV;
				INFOPLIST_FILE = Marumaru/Info.plist;
				IPHONEOS_DEPLOYMENT_TARGET = 13.0;
				LD_RUNPATH_SEARCH_PATHS = (
					"$(inherited)",
					"@executable_path/Frameworks",
				);
				MARKETING_VERSION = 1.0.1;
				PRODUCT_BUNDLE_IDENTIFIER = MuffinLabs.Marumaru;
				PRODUCT_NAME = "$(TARGET_NAME)";
				PROVISIONING_PROFILE_SPECIFIER = "";
				SWIFT_VERSION = 5.0;
				TARGETED_DEVICE_FAMILY = "1,2";
			};
			name = Release;
		};
		765C8B56261CA2C50056C83B /* Debug */ = {
			isa = XCBuildConfiguration;
			baseConfigurationReference = 684FD373C658CE5C97795F16 /* Pods-MarumaruTests.debug.xcconfig */;
			buildSettings = {
				ALWAYS_EMBED_SWIFT_STANDARD_LIBRARIES = YES;
				BUNDLE_LOADER = "$(TEST_HOST)";
				CODE_SIGN_STYLE = Automatic;
				DEVELOPMENT_TEAM = 497P4L97SV;
				INFOPLIST_FILE = MarumaruTests/Info.plist;
				IPHONEOS_DEPLOYMENT_TARGET = 14.4;
				LD_RUNPATH_SEARCH_PATHS = (
					"$(inherited)",
					"@executable_path/Frameworks",
					"@loader_path/Frameworks",
				);
				PRODUCT_BUNDLE_IDENTIFIER = MuffinLabs.MarumaruTests;
				PRODUCT_NAME = "$(TARGET_NAME)";
				SWIFT_VERSION = 5.0;
				TARGETED_DEVICE_FAMILY = "1,2";
				TEST_HOST = "$(BUILT_PRODUCTS_DIR)/Marumaru.app/Marumaru";
			};
			name = Debug;
		};
		765C8B57261CA2C50056C83B /* Release */ = {
			isa = XCBuildConfiguration;
			baseConfigurationReference = CBF5F0663AC807DAABBC8E8E /* Pods-MarumaruTests.release.xcconfig */;
			buildSettings = {
				ALWAYS_EMBED_SWIFT_STANDARD_LIBRARIES = YES;
				BUNDLE_LOADER = "$(TEST_HOST)";
				CODE_SIGN_STYLE = Automatic;
				DEVELOPMENT_TEAM = 497P4L97SV;
				INFOPLIST_FILE = MarumaruTests/Info.plist;
				IPHONEOS_DEPLOYMENT_TARGET = 14.4;
				LD_RUNPATH_SEARCH_PATHS = (
					"$(inherited)",
					"@executable_path/Frameworks",
					"@loader_path/Frameworks",
				);
				PRODUCT_BUNDLE_IDENTIFIER = MuffinLabs.MarumaruTests;
				PRODUCT_NAME = "$(TARGET_NAME)";
				SWIFT_VERSION = 5.0;
				TARGETED_DEVICE_FAMILY = "1,2";
				TEST_HOST = "$(BUILT_PRODUCTS_DIR)/Marumaru.app/Marumaru";
			};
			name = Release;
		};
		765C8B59261CA2C50056C83B /* Debug */ = {
			isa = XCBuildConfiguration;
			baseConfigurationReference = 0351C515D0459645E7176C2E /* Pods-Marumaru-MarumaruUITests.debug.xcconfig */;
			buildSettings = {
				ALWAYS_EMBED_SWIFT_STANDARD_LIBRARIES = YES;
				CODE_SIGN_STYLE = Automatic;
				DEVELOPMENT_TEAM = 497P4L97SV;
				INFOPLIST_FILE = MarumaruUITests/Info.plist;
				LD_RUNPATH_SEARCH_PATHS = (
					"$(inherited)",
					"@executable_path/Frameworks",
					"@loader_path/Frameworks",
				);
				PRODUCT_BUNDLE_IDENTIFIER = MuffinLabs.MarumaruUITests;
				PRODUCT_NAME = "$(TARGET_NAME)";
				SWIFT_VERSION = 5.0;
				TARGETED_DEVICE_FAMILY = "1,2";
				TEST_TARGET_NAME = Marumaru;
			};
			name = Debug;
		};
		765C8B5A261CA2C50056C83B /* Release */ = {
			isa = XCBuildConfiguration;
			baseConfigurationReference = E11FEB8A3320B8F6AE28D3CF /* Pods-Marumaru-MarumaruUITests.release.xcconfig */;
			buildSettings = {
				ALWAYS_EMBED_SWIFT_STANDARD_LIBRARIES = YES;
				CODE_SIGN_STYLE = Automatic;
				DEVELOPMENT_TEAM = 497P4L97SV;
				INFOPLIST_FILE = MarumaruUITests/Info.plist;
				LD_RUNPATH_SEARCH_PATHS = (
					"$(inherited)",
					"@executable_path/Frameworks",
					"@loader_path/Frameworks",
				);
				PRODUCT_BUNDLE_IDENTIFIER = MuffinLabs.MarumaruUITests;
				PRODUCT_NAME = "$(TARGET_NAME)";
				SWIFT_VERSION = 5.0;
				TARGETED_DEVICE_FAMILY = "1,2";
				TEST_TARGET_NAME = Marumaru;
			};
			name = Release;
		};
/* End XCBuildConfiguration section */

/* Begin XCConfigurationList section */
		765C8B20261CA2C30056C83B /* Build configuration list for PBXProject "Marumaru" */ = {
			isa = XCConfigurationList;
			buildConfigurations = (
				765C8B50261CA2C50056C83B /* Debug */,
				765C8B51261CA2C50056C83B /* Release */,
			);
			defaultConfigurationIsVisible = 0;
			defaultConfigurationName = Release;
		};
		765C8B52261CA2C50056C83B /* Build configuration list for PBXNativeTarget "Marumaru" */ = {
			isa = XCConfigurationList;
			buildConfigurations = (
				765C8B53261CA2C50056C83B /* Debug */,
				765C8B54261CA2C50056C83B /* Release */,
			);
			defaultConfigurationIsVisible = 0;
			defaultConfigurationName = Release;
		};
		765C8B55261CA2C50056C83B /* Build configuration list for PBXNativeTarget "MarumaruTests" */ = {
			isa = XCConfigurationList;
			buildConfigurations = (
				765C8B56261CA2C50056C83B /* Debug */,
				765C8B57261CA2C50056C83B /* Release */,
			);
			defaultConfigurationIsVisible = 0;
			defaultConfigurationName = Release;
		};
		765C8B58261CA2C50056C83B /* Build configuration list for PBXNativeTarget "MarumaruUITests" */ = {
			isa = XCConfigurationList;
			buildConfigurations = (
				765C8B59261CA2C50056C83B /* Debug */,
				765C8B5A261CA2C50056C83B /* Release */,
			);
			defaultConfigurationIsVisible = 0;
			defaultConfigurationName = Release;
		};
/* End XCConfigurationList section */
	};
	rootObject = 765C8B1D261CA2C30056C83B /* Project object */;
}
